// !$*UTF8*$!
{
	archiveVersion = 1;
	classes = {
	};
	objectVersion = 63;
	objects = {

/* Begin PBXBuildFile section */
		00818CBB70425D395EE2B862 /* SkinnedText.swift in Sources */ = {isa = PBXBuildFile; fileRef = 3DCDB09162242F5E73FF35F6 /* SkinnedText.swift */; };
		09ABEB45DA77F1178E0F5317 /* SkinManager.swift in Sources */ = {isa = PBXBuildFile; fileRef = 97F3E1419E231E886A674A64 /* SkinManager.swift */; };
		0E00109AB5375E26C755CA89 /* M3UEntry.swift in Sources */ = {isa = PBXBuildFile; fileRef = 31F32D02E5A363D621708145 /* M3UEntry.swift */; };
		11C6F38CB7C5AADA7B5AFE57 /* VisualizerOptions.swift in Sources */ = {isa = PBXBuildFile; fileRef = B361EDCFD1F533FD16157EC1 /* VisualizerOptions.swift */; };
		2A33850C38AA921D5659ECA7 /* AudioPlayer.swift in Sources */ = {isa = PBXBuildFile; fileRef = BC875DDD2BE621229D463CB9 /* AudioPlayer.swift */; };
		2BEEA991452D4A86CD1AC9F7 /* ZIPFoundation in Frameworks */ = {isa = PBXBuildFile; productRef = EA5D7D010AE0DE961C9470AC /* ZIPFoundation */; };
		342759E1558D4553A66C3AD9 /* RadioStationLibrary.swift in Sources */ = {isa = PBXBuildFile; fileRef = BC98BCD0ED814A6F90A8021D /* RadioStationLibrary.swift */; };
		34EEE95E7D965A0D94D12C30 /* WinampMainWindow.swift in Sources */ = {isa = PBXBuildFile; fileRef = 0C3495B177A8BA24181B484E /* WinampMainWindow.swift */; };
		366BB1702EC039E6006162E2 /* WindowCoordinator.swift in Sources */ = {isa = PBXBuildFile; fileRef = 366BB16F2EC039E6006162E2 /* WindowCoordinator.swift */; };
		366BB1762EC03A18006162E2 /* WinampMainWindowController.swift in Sources */ = {isa = PBXBuildFile; fileRef = 366BB1732EC03A18006162E2 /* WinampMainWindowController.swift */; };
		366BB1772EC03A18006162E2 /* WinampPlaylistWindowController.swift in Sources */ = {isa = PBXBuildFile; fileRef = 366BB1742EC03A18006162E2 /* WinampPlaylistWindowController.swift */; };
		366BB1782EC03A18006162E2 /* WinampEqualizerWindowController.swift in Sources */ = {isa = PBXBuildFile; fileRef = 366BB1722EC03A18006162E2 /* WinampEqualizerWindowController.swift */; };
		366BB17A2EC03F9B006162E2 /* BorderlessWindow.swift in Sources */ = {isa = PBXBuildFile; fileRef = 366BB1792EC03F9B006162E2 /* BorderlessWindow.swift */; };
		366BB17C2EC0411E006162E2 /* WinampWindowConfigurator.swift in Sources */ = {isa = PBXBuildFile; fileRef = 366BB17B2EC0411E006162E2 /* WinampWindowConfigurator.swift */; };
		3686476C2EC8336B009D1D8E /* Size2D.swift in Sources */ = {isa = PBXBuildFile; fileRef = 3686476A2EC8336B009D1D8E /* Size2D.swift */; };
		3686476D2EC8336B009D1D8E /* VideoWindowSizeState.swift in Sources */ = {isa = PBXBuildFile; fileRef = 3686476B2EC8336B009D1D8E /* VideoWindowSizeState.swift */; };
		36B64EDC2EB3023D004274F8 /* PlaylistMenuDelegate.swift in Sources */ = {isa = PBXBuildFile; fileRef = 36B64EDB2EB3023D004274F8 /* PlaylistMenuDelegate.swift */; };
		36C0FFE22EB512A300916917 /* Mac_OS-X_skin.wsz in Resources */ = {isa = PBXBuildFile; fileRef = 36C0FFDE2EB512A300916917 /* Mac_OS-X_skin.wsz */; };
		36C0FFE32EB512A300916917 /* Tron-Vaporwave-by-LuigiHann.wsz in Resources */ = {isa = PBXBuildFile; fileRef = 36C0FFE02EB512A300916917 /* Tron-Vaporwave-by-LuigiHann.wsz */; };
		36C0FFE42EB512A300916917 /* Winamp3_Classified_v5.5.wsz in Resources */ = {isa = PBXBuildFile; fileRef = 36C0FFE12EB512A300916917 /* Winamp3_Classified_v5.5.wsz */; };
		36C0FFE52EB512A300916917 /* Sony_MP3_Player_.wsz in Resources */ = {isa = PBXBuildFile; fileRef = 36C0FFDF2EB512A300916917 /* Sony_MP3_Player_.wsz */; };
		36C0FFE62EB512A300916917 /* KenWood_KDC_7000_Elite.wsz in Resources */ = {isa = PBXBuildFile; fileRef = 36C0FFDD2EB512A300916917 /* KenWood_KDC_7000_Elite.wsz */; };
		36CAB6262EC13E3D00902330 /* WinampTitlebarDragHandle.swift in Sources */ = {isa = PBXBuildFile; fileRef = 36CAB6242EC13E3D00902330 /* WinampTitlebarDragHandle.swift */; };
		36CAB6272EC13E3D00902330 /* TitlebarDragCaptureView.swift in Sources */ = {isa = PBXBuildFile; fileRef = 36CAB6232EC13E3D00902330 /* TitlebarDragCaptureView.swift */; };
		36CAB6292EC153FD00902330 /* WindowDelegateMultiplexer.swift in Sources */ = {isa = PBXBuildFile; fileRef = 36CAB6282EC153FD00902330 /* WindowDelegateMultiplexer.swift */; };
		36CAB62C2EC2589C00902330 /* WinampVideoWindow.swift in Sources */ = {isa = PBXBuildFile; fileRef = 36CAB62B2EC2589C00902330 /* WinampVideoWindow.swift */; };
		36CAB62D2EC2589C00902330 /* WinampMilkdropWindow.swift in Sources */ = {isa = PBXBuildFile; fileRef = 36CAB62A2EC2589C00902330 /* WinampMilkdropWindow.swift */; };
		36CAB6302EC258AD00902330 /* WinampVideoWindowController.swift in Sources */ = {isa = PBXBuildFile; fileRef = 36CAB62F2EC258AD00902330 /* WinampVideoWindowController.swift */; };
		36CAB6312EC258AD00902330 /* WinampMilkdropWindowController.swift in Sources */ = {isa = PBXBuildFile; fileRef = 36CAB62E2EC258AD00902330 /* WinampMilkdropWindowController.swift */; };
		36CAB6362EC25E4000902330 /* VideoWindowChromeView.swift in Sources */ = {isa = PBXBuildFile; fileRef = 36CAB6342EC25E4000902330 /* VideoWindowChromeView.swift */; };
		36CAB6382EC265BE00902330 /* AVPlayerViewRepresentable.swift in Sources */ = {isa = PBXBuildFile; fileRef = 36CAB6372EC265BE00902330 /* AVPlayerViewRepresentable.swift */; };
		36CAB63A2EC7845000902330 /* MilkdropWindowChromeView.swift in Sources */ = {isa = PBXBuildFile; fileRef = 36CAB6392EC7845000902330 /* MilkdropWindowChromeView.swift */; };
		36CABCFF2EC8016000902330 /* WindowFocusDelegate.swift in Sources */ = {isa = PBXBuildFile; fileRef = 36CABCFE2EC8016000902330 /* WindowFocusDelegate.swift */; };
		36CABD012EC8016700902330 /* WindowFocusState.swift in Sources */ = {isa = PBXBuildFile; fileRef = 36CABD002EC8016700902330 /* WindowFocusState.swift */; };
		397CD3DA0D75924BD0B90FBE /* EQF.swift in Sources */ = {isa = PBXBuildFile; fileRef = FDF85EA8990A038079FC0CC3 /* EQF.swift */; };
		3D5787FD4B060D13BE690E2A /* WinampEqualizerWindow.swift in Sources */ = {isa = PBXBuildFile; fileRef = 4A489CA15E452302405E6FAE /* WinampEqualizerWindow.swift */; };
		4007DF219A7FEAB6FFC1AE73 /* ImageSlicing.swift in Sources */ = {isa = PBXBuildFile; fileRef = 2D4BAA0F198BED23AAFABFEC /* ImageSlicing.swift */; };
		41559151451B3CDCDAF46147 /* PLEditParser.swift in Sources */ = {isa = PBXBuildFile; fileRef = 1883C37C0887C2C13F6C9563 /* PLEditParser.swift */; };
		47C40C273D4B4CD3804B3224 /* WindowSpec.swift in Sources */ = {isa = PBXBuildFile; fileRef = 195F00AABD5483A18861EC8A /* WindowSpec.swift */; };
		49B5BA3F742A4C3CB430A8E3 /* EQPreset.swift in Sources */ = {isa = PBXBuildFile; fileRef = 2878CED72AA74CF1B0417AC5 /* EQPreset.swift */; };
		4B6ACCF9E12C4031AAA5DE1D /* PlaybackCoordinator.swift in Sources */ = {isa = PBXBuildFile; fileRef = FC5E2339EECD4415B1146559 /* PlaybackCoordinator.swift */; };
		4F952CA93D32BF2FB737DFBA /* EqGraphView.swift in Sources */ = {isa = PBXBuildFile; fileRef = 032A0DEAD316CCA0CDA2645D /* EqGraphView.swift */; };
		592F5C98FC8B29F71341CBD8 /* WinampVolumeSlider.swift in Sources */ = {isa = PBXBuildFile; fileRef = BAA63D879B46D5FFF6BA8BE9 /* WinampVolumeSlider.swift */; };
		5E12F332C6929193D1EBFB8D /* SpritePositions.swift in Sources */ = {isa = PBXBuildFile; fileRef = 7324174AA2F7231F3B2508AE /* SpritePositions.swift */; };
		5F1472E33F7A417E8C9E4107 /* RadioStation.swift in Sources */ = {isa = PBXBuildFile; fileRef = 36C6A4148DF5415F9142A777 /* RadioStation.swift */; };
		70120b5751e24a3084c04a0b /* SpriteResolver.swift in Sources */ = {isa = PBXBuildFile; fileRef = b220e925d4d54168a0d0f84b /* SpriteResolver.swift */; };
		77129ADBBBC75DF6BA1EC1C8 /* SnapUtils.swift in Sources */ = {isa = PBXBuildFile; fileRef = 43358BDD8D9B537C9109DF62 /* SnapUtils.swift */; };
		7C97F7855F700CA55821BFD1 /* WindowSnapManager.swift in Sources */ = {isa = PBXBuildFile; fileRef = 7FF88FFEFCC2A65D88029ADB /* WindowSnapManager.swift */; };
		8375D760955EEB75F8311F11 /* SimpleSpriteImage.swift in Sources */ = {isa = PBXBuildFile; fileRef = 77A0C7921140C73AB173A5E8 /* SimpleSpriteImage.swift */; };
		878F770AF1608311F0C9BA09 /* WindowAccessor.swift in Sources */ = {isa = PBXBuildFile; fileRef = F8A2F2CBA9954B0B144DA072 /* WindowAccessor.swift */; };
		8806F9498EDA22C217C91D30 /* M3UParser.swift in Sources */ = {isa = PBXBuildFile; fileRef = 57E5034E9E8C3E0CDB64AC2D /* M3UParser.swift */; };
		93C52B55431F4E9C9E54ED8F /* StreamPlayer.swift in Sources */ = {isa = PBXBuildFile; fileRef = 7DABC15D1E724A7EB6490977 /* StreamPlayer.swift */; };
		93E376C1200386F617D37563 /* Skin.swift in Sources */ = {isa = PBXBuildFile; fileRef = 93E9913A6D48005436618474 /* Skin.swift */; };
		93EBD6FADA9285C58A329F5C /* VisColorParser.swift in Sources */ = {isa = PBXBuildFile; fileRef = A6D5886DD239C58D98785419 /* VisColorParser.swift */; };
		9C74995B7081637EB964D3AA /* SkinnedBanner.swift in Sources */ = {isa = PBXBuildFile; fileRef = 12C0A7D97E8D3B2E715D4EA0 /* SkinnedBanner.swift */; };
		A1B2C3D4E5F6789012345678 /* SpriteMenuItem.swift in Sources */ = {isa = PBXBuildFile; fileRef = F1E2D3C4B5A6978867564534 /* SpriteMenuItem.swift */; };
		AA399B95993DF8EB2CD3CCA3 /* Winamp.wsz in Resources */ = {isa = PBXBuildFile; fileRef = A5F876BD10A8CBDE81C28D51 /* Winamp.wsz */; };
		AB123DEF4E567890ABCDEF12 /* AppSettings.swift in Sources */ = {isa = PBXBuildFile; fileRef = CD234EF56789ABCD01234567 /* AppSettings.swift */; };
		AC7BAF317F478CEB2F36F3DB /* PlaylistTimeText.swift in Sources */ = {isa = PBXBuildFile; fileRef = CABDEB04D5D23C3DAAAFEEFC /* PlaylistTimeText.swift */; };
		ADDBF8E53028E97A7A005307 /* WinampPlaylistWindow.swift in Sources */ = {isa = PBXBuildFile; fileRef = 75C52A558EFD4C84BBA21F92 /* WinampPlaylistWindow.swift */; };
		B3A2FD6D778A60B9F0D92258 /* AppCommands.swift in Sources */ = {isa = PBXBuildFile; fileRef = A7CCE1500578ECAEED8FAA42 /* AppCommands.swift */; };
		B95D3BA95DB24E4CBDF9E30B /* TrackInfoView.swift in Sources */ = {isa = PBXBuildFile; fileRef = 6317A3F050254D92940A7202 /* TrackInfoView.swift */; };
		B9F51DB9B3BAF8611108D699 /* MacAmpApp.swift in Sources */ = {isa = PBXBuildFile; fileRef = C32D1ED0603B1A1497664E37 /* MacAmpApp.swift */; };
		BB499C96994EF9FC3DE4DDB4 /* Internet-Archive.wsz in Resources */ = {isa = PBXBuildFile; fileRef = B6G987CE11B9DCEF82D39E62 /* Internet-Archive.wsz */; };
		BC234EF567890ABCD1234567 /* PreferencesView.swift in Sources */ = {isa = PBXBuildFile; fileRef = DE345F678901BCDE12345678 /* PreferencesView.swift */; };
		C4B3FE7E889G20H9G1F93269 /* SkinsCommands.swift in Sources */ = {isa = PBXBuildFile; fileRef = D5C4GF8F990H31I0H2G04370 /* SkinsCommands.swift */; };
		C71871258DD93C12C88EBED2 /* SkinSprites.swift in Sources */ = {isa = PBXBuildFile; fileRef = E51E7515EE6862B4F445AC81 /* SkinSprites.swift */; };
		CEB39A994DFFE2DCA8FDE7EF /* PresetsButton.swift in Sources */ = {isa = PBXBuildFile; fileRef = 3D258350F99A800B8CBF8AEA /* PresetsButton.swift */; };
		CFF2E4B6A5D74592AA2B78CD /* PlaylistBitmapText.swift in Sources */ = {isa = PBXBuildFile; fileRef = 5B08C7931E5A4A0A8D4F1B27 /* PlaylistBitmapText.swift */; };
		D077337C4C05A6658475376F /* VisualizerView.swift in Sources */ = {isa = PBXBuildFile; fileRef = 499433D5A14F2C47C9EB0931 /* VisualizerView.swift */; };
		EE878CCB3C1E4F7801C5430E /* DockingController.swift in Sources */ = {isa = PBXBuildFile; fileRef = 74EDF33D12E79F86166AF268 /* DockingController.swift */; };
		FF66EE55DD44CC33BB22AA11 /* Assets.xcassets in Resources */ = {isa = PBXBuildFile; fileRef = AA11BB22CC33DD44EE55FF66 /* Assets.xcassets */; };
/* End PBXBuildFile section */

/* Begin PBXFileReference section */
		032A0DEAD316CCA0CDA2645D /* EqGraphView.swift */ = {isa = PBXFileReference; lastKnownFileType = sourcecode.swift; path = EqGraphView.swift; sourceTree = "<group>"; };
		0C3495B177A8BA24181B484E /* WinampMainWindow.swift */ = {isa = PBXFileReference; lastKnownFileType = sourcecode.swift; path = WinampMainWindow.swift; sourceTree = "<group>"; };
		12C0A7D97E8D3B2E715D4EA0 /* SkinnedBanner.swift */ = {isa = PBXFileReference; lastKnownFileType = sourcecode.swift; path = SkinnedBanner.swift; sourceTree = "<group>"; };
		1883C37C0887C2C13F6C9563 /* PLEditParser.swift */ = {isa = PBXFileReference; lastKnownFileType = sourcecode.swift; path = PLEditParser.swift; sourceTree = "<group>"; };
		195F00AABD5483A18861EC8A /* WindowSpec.swift */ = {isa = PBXFileReference; lastKnownFileType = sourcecode.swift; path = WindowSpec.swift; sourceTree = "<group>"; };
		2878CED72AA74CF1B0417AC5 /* EQPreset.swift */ = {isa = PBXFileReference; lastKnownFileType = sourcecode.swift; path = EQPreset.swift; sourceTree = "<group>"; };
		2D4BAA0F198BED23AAFABFEC /* ImageSlicing.swift */ = {isa = PBXFileReference; lastKnownFileType = sourcecode.swift; path = ImageSlicing.swift; sourceTree = "<group>"; };
		31F32D02E5A363D621708145 /* M3UEntry.swift */ = {isa = PBXFileReference; lastKnownFileType = sourcecode.swift; path = M3UEntry.swift; sourceTree = "<group>"; };
		366BB16F2EC039E6006162E2 /* WindowCoordinator.swift */ = {isa = PBXFileReference; lastKnownFileType = sourcecode.swift; path = WindowCoordinator.swift; sourceTree = "<group>"; };
		366BB1722EC03A18006162E2 /* WinampEqualizerWindowController.swift */ = {isa = PBXFileReference; lastKnownFileType = sourcecode.swift; path = WinampEqualizerWindowController.swift; sourceTree = "<group>"; };
		366BB1732EC03A18006162E2 /* WinampMainWindowController.swift */ = {isa = PBXFileReference; lastKnownFileType = sourcecode.swift; path = WinampMainWindowController.swift; sourceTree = "<group>"; };
		366BB1742EC03A18006162E2 /* WinampPlaylistWindowController.swift */ = {isa = PBXFileReference; lastKnownFileType = sourcecode.swift; path = WinampPlaylistWindowController.swift; sourceTree = "<group>"; };
		366BB1792EC03F9B006162E2 /* BorderlessWindow.swift */ = {isa = PBXFileReference; lastKnownFileType = sourcecode.swift; path = BorderlessWindow.swift; sourceTree = "<group>"; };
		366BB17B2EC0411E006162E2 /* WinampWindowConfigurator.swift */ = {isa = PBXFileReference; lastKnownFileType = sourcecode.swift; path = WinampWindowConfigurator.swift; sourceTree = "<group>"; };
		3686476A2EC8336B009D1D8E /* Size2D.swift */ = {isa = PBXFileReference; lastKnownFileType = sourcecode.swift; path = Size2D.swift; sourceTree = "<group>"; };
		3686476B2EC8336B009D1D8E /* VideoWindowSizeState.swift */ = {isa = PBXFileReference; lastKnownFileType = sourcecode.swift; path = VideoWindowSizeState.swift; sourceTree = "<group>"; };
		36B64EDB2EB3023D004274F8 /* PlaylistMenuDelegate.swift */ = {isa = PBXFileReference; lastKnownFileType = sourcecode.swift; path = PlaylistMenuDelegate.swift; sourceTree = "<group>"; };
		36C0FFDD2EB512A300916917 /* KenWood_KDC_7000_Elite.wsz */ = {isa = PBXFileReference; lastKnownFileType = file; path = KenWood_KDC_7000_Elite.wsz; sourceTree = "<group>"; };
		36C0FFDE2EB512A300916917 /* Mac_OS-X_skin.wsz */ = {isa = PBXFileReference; lastKnownFileType = file; path = "Mac_OS-X_skin.wsz"; sourceTree = "<group>"; };
		36C0FFDF2EB512A300916917 /* Sony_MP3_Player_.wsz */ = {isa = PBXFileReference; lastKnownFileType = file; path = Sony_MP3_Player_.wsz; sourceTree = "<group>"; };
		36C0FFE02EB512A300916917 /* Tron-Vaporwave-by-LuigiHann.wsz */ = {isa = PBXFileReference; lastKnownFileType = file; path = "Tron-Vaporwave-by-LuigiHann.wsz"; sourceTree = "<group>"; };
		36C0FFE12EB512A300916917 /* Winamp3_Classified_v5.5.wsz */ = {isa = PBXFileReference; lastKnownFileType = file; path = Winamp3_Classified_v5.5.wsz; sourceTree = "<group>"; };
		36C6A4148DF5415F9142A777 /* RadioStation.swift */ = {isa = PBXFileReference; lastKnownFileType = sourcecode.swift; path = RadioStation.swift; sourceTree = "<group>"; };
		36CAB6232EC13E3D00902330 /* TitlebarDragCaptureView.swift */ = {isa = PBXFileReference; lastKnownFileType = sourcecode.swift; path = TitlebarDragCaptureView.swift; sourceTree = "<group>"; };
		36CAB6242EC13E3D00902330 /* WinampTitlebarDragHandle.swift */ = {isa = PBXFileReference; lastKnownFileType = sourcecode.swift; path = WinampTitlebarDragHandle.swift; sourceTree = "<group>"; };
		36CAB6282EC153FD00902330 /* WindowDelegateMultiplexer.swift */ = {isa = PBXFileReference; lastKnownFileType = sourcecode.swift; path = WindowDelegateMultiplexer.swift; sourceTree = "<group>"; };
		36CAB62A2EC2589C00902330 /* WinampMilkdropWindow.swift */ = {isa = PBXFileReference; lastKnownFileType = sourcecode.swift; path = WinampMilkdropWindow.swift; sourceTree = "<group>"; };
		36CAB62B2EC2589C00902330 /* WinampVideoWindow.swift */ = {isa = PBXFileReference; lastKnownFileType = sourcecode.swift; path = WinampVideoWindow.swift; sourceTree = "<group>"; };
		36CAB62E2EC258AD00902330 /* WinampMilkdropWindowController.swift */ = {isa = PBXFileReference; lastKnownFileType = sourcecode.swift; path = WinampMilkdropWindowController.swift; sourceTree = "<group>"; };
		36CAB62F2EC258AD00902330 /* WinampVideoWindowController.swift */ = {isa = PBXFileReference; lastKnownFileType = sourcecode.swift; path = WinampVideoWindowController.swift; sourceTree = "<group>"; };
		36CAB6342EC25E4000902330 /* VideoWindowChromeView.swift */ = {isa = PBXFileReference; lastKnownFileType = sourcecode.swift; path = VideoWindowChromeView.swift; sourceTree = "<group>"; };
		36CAB6372EC265BE00902330 /* AVPlayerViewRepresentable.swift */ = {isa = PBXFileReference; lastKnownFileType = sourcecode.swift; path = AVPlayerViewRepresentable.swift; sourceTree = "<group>"; };
		36CAB6392EC7845000902330 /* MilkdropWindowChromeView.swift */ = {isa = PBXFileReference; lastKnownFileType = sourcecode.swift; path = MilkdropWindowChromeView.swift; sourceTree = "<group>"; };
		36CABCFE2EC8016000902330 /* WindowFocusDelegate.swift */ = {isa = PBXFileReference; lastKnownFileType = sourcecode.swift; path = WindowFocusDelegate.swift; sourceTree = "<group>"; };
		36CABD002EC8016700902330 /* WindowFocusState.swift */ = {isa = PBXFileReference; lastKnownFileType = sourcecode.swift; path = WindowFocusState.swift; sourceTree = "<group>"; };
		3D258350F99A800B8CBF8AEA /* PresetsButton.swift */ = {isa = PBXFileReference; lastKnownFileType = sourcecode.swift; path = PresetsButton.swift; sourceTree = "<group>"; };
		3DCDB09162242F5E73FF35F6 /* SkinnedText.swift */ = {isa = PBXFileReference; lastKnownFileType = sourcecode.swift; path = SkinnedText.swift; sourceTree = "<group>"; };
		43358BDD8D9B537C9109DF62 /* SnapUtils.swift */ = {isa = PBXFileReference; lastKnownFileType = sourcecode.swift; path = SnapUtils.swift; sourceTree = "<group>"; };
		499433D5A14F2C47C9EB0931 /* VisualizerView.swift */ = {isa = PBXFileReference; lastKnownFileType = sourcecode.swift; path = VisualizerView.swift; sourceTree = "<group>"; };
		4A489CA15E452302405E6FAE /* WinampEqualizerWindow.swift */ = {isa = PBXFileReference; lastKnownFileType = sourcecode.swift; path = WinampEqualizerWindow.swift; sourceTree = "<group>"; };
		57E5034E9E8C3E0CDB64AC2D /* M3UParser.swift */ = {isa = PBXFileReference; lastKnownFileType = sourcecode.swift; path = M3UParser.swift; sourceTree = "<group>"; };
		5B08C7931E5A4A0A8D4F1B27 /* PlaylistBitmapText.swift */ = {isa = PBXFileReference; lastKnownFileType = sourcecode.swift; path = PlaylistBitmapText.swift; sourceTree = "<group>"; };
		6317A3F050254D92940A7202 /* TrackInfoView.swift */ = {isa = PBXFileReference; lastKnownFileType = sourcecode.swift; path = TrackInfoView.swift; sourceTree = "<group>"; };
		7324174AA2F7231F3B2508AE /* SpritePositions.swift */ = {isa = PBXFileReference; lastKnownFileType = sourcecode.swift; path = SpritePositions.swift; sourceTree = "<group>"; };
		74EDF33D12E79F86166AF268 /* DockingController.swift */ = {isa = PBXFileReference; lastKnownFileType = sourcecode.swift; path = DockingController.swift; sourceTree = "<group>"; };
		75C52A558EFD4C84BBA21F92 /* WinampPlaylistWindow.swift */ = {isa = PBXFileReference; lastKnownFileType = sourcecode.swift; path = WinampPlaylistWindow.swift; sourceTree = "<group>"; };
		77A0C7921140C73AB173A5E8 /* SimpleSpriteImage.swift */ = {isa = PBXFileReference; lastKnownFileType = sourcecode.swift; path = SimpleSpriteImage.swift; sourceTree = "<group>"; };
		7DABC15D1E724A7EB6490977 /* StreamPlayer.swift */ = {isa = PBXFileReference; lastKnownFileType = sourcecode.swift; path = StreamPlayer.swift; sourceTree = "<group>"; };
		7FF88FFEFCC2A65D88029ADB /* WindowSnapManager.swift */ = {isa = PBXFileReference; lastKnownFileType = sourcecode.swift; path = WindowSnapManager.swift; sourceTree = "<group>"; };
		93E9913A6D48005436618474 /* Skin.swift */ = {isa = PBXFileReference; lastKnownFileType = sourcecode.swift; path = Skin.swift; sourceTree = "<group>"; };
		97F3E1419E231E886A674A64 /* SkinManager.swift */ = {isa = PBXFileReference; lastKnownFileType = sourcecode.swift; path = SkinManager.swift; sourceTree = "<group>"; };
		A5F876BD10A8CBDE81C28D51 /* Winamp.wsz */ = {isa = PBXFileReference; lastKnownFileType = file; path = Winamp.wsz; sourceTree = "<group>"; };
		A6D5886DD239C58D98785419 /* VisColorParser.swift */ = {isa = PBXFileReference; lastKnownFileType = sourcecode.swift; path = VisColorParser.swift; sourceTree = "<group>"; };
		A7CCE1500578ECAEED8FAA42 /* AppCommands.swift */ = {isa = PBXFileReference; lastKnownFileType = sourcecode.swift; path = AppCommands.swift; sourceTree = "<group>"; };
		AA11BB22CC33DD44EE55FF66 /* Assets.xcassets */ = {isa = PBXFileReference; lastKnownFileType = folder.assetcatalog; path = Assets.xcassets; sourceTree = "<group>"; };
		B361EDCFD1F533FD16157EC1 /* VisualizerOptions.swift */ = {isa = PBXFileReference; lastKnownFileType = sourcecode.swift; path = VisualizerOptions.swift; sourceTree = "<group>"; };
		B36F1C1954EE4A8EBB993CB6 /* MacAmp.app */ = {isa = PBXFileReference; explicitFileType = wrapper.application; includeInIndex = 0; path = MacAmp.app; sourceTree = BUILT_PRODUCTS_DIR; };
		B6G987CE11B9DCEF82D39E62 /* Internet-Archive.wsz */ = {isa = PBXFileReference; lastKnownFileType = file; path = "Internet-Archive.wsz"; sourceTree = "<group>"; };
		BAA63D879B46D5FFF6BA8BE9 /* WinampVolumeSlider.swift */ = {isa = PBXFileReference; lastKnownFileType = sourcecode.swift; path = WinampVolumeSlider.swift; sourceTree = "<group>"; };
		BC875DDD2BE621229D463CB9 /* AudioPlayer.swift */ = {isa = PBXFileReference; lastKnownFileType = sourcecode.swift; path = AudioPlayer.swift; sourceTree = "<group>"; };
		BC98BCD0ED814A6F90A8021D /* RadioStationLibrary.swift */ = {isa = PBXFileReference; lastKnownFileType = sourcecode.swift; path = RadioStationLibrary.swift; sourceTree = "<group>"; };
		C32D1ED0603B1A1497664E37 /* MacAmpApp.swift */ = {isa = PBXFileReference; lastKnownFileType = sourcecode.swift; path = MacAmpApp.swift; sourceTree = "<group>"; };
		CABDEB04D5D23C3DAAAFEEFC /* PlaylistTimeText.swift */ = {isa = PBXFileReference; lastKnownFileType = sourcecode.swift; path = PlaylistTimeText.swift; sourceTree = "<group>"; };
		CD234EF56789ABCD01234567 /* AppSettings.swift */ = {isa = PBXFileReference; lastKnownFileType = sourcecode.swift; path = AppSettings.swift; sourceTree = "<group>"; };
		D5C4GF8F990H31I0H2G04370 /* SkinsCommands.swift */ = {isa = PBXFileReference; lastKnownFileType = sourcecode.swift; path = SkinsCommands.swift; sourceTree = "<group>"; };
		DE345F678901BCDE12345678 /* PreferencesView.swift */ = {isa = PBXFileReference; lastKnownFileType = sourcecode.swift; path = PreferencesView.swift; sourceTree = "<group>"; };
		E51E7515EE6862B4F445AC81 /* SkinSprites.swift */ = {isa = PBXFileReference; lastKnownFileType = sourcecode.swift; path = SkinSprites.swift; sourceTree = "<group>"; };
		E5AF78956321BB7B21810429 /* Info.plist */ = {isa = PBXFileReference; lastKnownFileType = text.plist; path = Info.plist; sourceTree = "<group>"; };
		F1E2D3C4B5A6978867564534 /* SpriteMenuItem.swift */ = {isa = PBXFileReference; lastKnownFileType = sourcecode.swift; path = SpriteMenuItem.swift; sourceTree = "<group>"; };
		F8A2F2CBA9954B0B144DA072 /* WindowAccessor.swift */ = {isa = PBXFileReference; lastKnownFileType = sourcecode.swift; path = WindowAccessor.swift; sourceTree = "<group>"; };
		FC5E2339EECD4415B1146559 /* PlaybackCoordinator.swift */ = {isa = PBXFileReference; lastKnownFileType = sourcecode.swift; path = PlaybackCoordinator.swift; sourceTree = "<group>"; };
		FDF85EA8990A038079FC0CC3 /* EQF.swift */ = {isa = PBXFileReference; lastKnownFileType = sourcecode.swift; path = EQF.swift; sourceTree = "<group>"; };
		b220e925d4d54168a0d0f84b /* SpriteResolver.swift */ = {isa = PBXFileReference; lastKnownFileType = sourcecode.swift; path = SpriteResolver.swift; sourceTree = "<group>"; };
/* End PBXFileReference section */

/* Begin PBXFrameworksBuildPhase section */
		744B8AD2A52687019623EAA9 /* Frameworks */ = {
			isa = PBXFrameworksBuildPhase;
			buildActionMask = 2147483647;
			files = (
				2BEEA991452D4A86CD1AC9F7 /* ZIPFoundation in Frameworks */,
			);
			runOnlyForDeploymentPostprocessing = 0;
		};
/* End PBXFrameworksBuildPhase section */

/* Begin PBXGroup section */
		0542534C840178895387FEE4 /* Components */ = {
			isa = PBXGroup;
			children = (
				36B64EDB2EB3023D004274F8 /* PlaylistMenuDelegate.swift */,
				5B08C7931E5A4A0A8D4F1B27 /* PlaylistBitmapText.swift */,
				CABDEB04D5D23C3DAAAFEEFC /* PlaylistTimeText.swift */,
				77A0C7921140C73AB173A5E8 /* SimpleSpriteImage.swift */,
				F1E2D3C4B5A6978867564534 /* SpriteMenuItem.swift */,
				6317A3F050254D92940A7202 /* TrackInfoView.swift */,
				BAA63D879B46D5FFF6BA8BE9 /* WinampVolumeSlider.swift */,
			);
			path = Components;
			sourceTree = "<group>";
		};
		366BB1752EC03A18006162E2 /* Windows */ = {
			isa = PBXGroup;
			children = (
				36CAB62E2EC258AD00902330 /* WinampMilkdropWindowController.swift */,
				36CAB62F2EC258AD00902330 /* WinampVideoWindowController.swift */,
				366BB1792EC03F9B006162E2 /* BorderlessWindow.swift */,
				366BB1722EC03A18006162E2 /* WinampEqualizerWindowController.swift */,
				366BB1732EC03A18006162E2 /* WinampMainWindowController.swift */,
				366BB1742EC03A18006162E2 /* WinampPlaylistWindowController.swift */,
			);
			path = Windows;
			sourceTree = "<group>";
		};
		36CAB6252EC13E3D00902330 /* Shared */ = {
			isa = PBXGroup;
			children = (
				36CAB6232EC13E3D00902330 /* TitlebarDragCaptureView.swift */,
				36CAB6242EC13E3D00902330 /* WinampTitlebarDragHandle.swift */,
			);
			path = Shared;
			sourceTree = "<group>";
		};
		36CAB6352EC25E4000902330 /* Windows */ = {
			isa = PBXGroup;
			children = (
				36CAB6392EC7845000902330 /* MilkdropWindowChromeView.swift */,
				36CAB6372EC265BE00902330 /* AVPlayerViewRepresentable.swift */,
				36CAB6342EC25E4000902330 /* VideoWindowChromeView.swift */,
			);
			path = Windows;
			sourceTree = "<group>";
		};
		36CABCEC2EC7D8CD00902330 /* Resources */ = {
			isa = PBXGroup;
			children = (
			);
			path = Resources;
			sourceTree = "<group>";
		};
		679D4139BE833A25AB1CBCFA /* Products */ = {
			isa = PBXGroup;
			children = (
				B36F1C1954EE4A8EBB993CB6 /* MacAmp.app */,
			);
			name = Products;
			sourceTree = "<group>";
		};
		8CD286E67D5D5C57428DEE54 = {
			isa = PBXGroup;
			children = (
				F3B9E0E999F4022FE2955A62 /* MacAmpApp */,
				679D4139BE833A25AB1CBCFA /* Products */,
			);
			sourceTree = "<group>";
		};
		9A7B4D25533F4BB078F35DC3 /* Skins */ = {
			isa = PBXGroup;
			children = (
				B6G987CE11B9DCEF82D39E62 /* Internet-Archive.wsz */,
				A5F876BD10A8CBDE81C28D51 /* Winamp.wsz */,
				36C0FFDD2EB512A300916917 /* KenWood_KDC_7000_Elite.wsz */,
				36C0FFDE2EB512A300916917 /* Mac_OS-X_skin.wsz */,
				36C0FFDF2EB512A300916917 /* Sony_MP3_Player_.wsz */,
				36C0FFE02EB512A300916917 /* Tron-Vaporwave-by-LuigiHann.wsz */,
				36C0FFE12EB512A300916917 /* Winamp3_Classified_v5.5.wsz */,
			);
			path = Skins;
			sourceTree = "<group>";
		};
		9ACBD0A5767E26C387F3D2E0 /* Audio */ = {
			isa = PBXGroup;
			children = (
				FC5E2339EECD4415B1146559 /* PlaybackCoordinator.swift */,
				7DABC15D1E724A7EB6490977 /* StreamPlayer.swift */,
				BC875DDD2BE621229D463CB9 /* AudioPlayer.swift */,
			);
			path = Audio;
			sourceTree = "<group>";
		};
		BD7D477F80E8626CFB2297F5 /* Models */ = {
			isa = PBXGroup;
			children = (
				3686476A2EC8336B009D1D8E /* Size2D.swift */,
				3686476B2EC8336B009D1D8E /* VideoWindowSizeState.swift */,
				36CABD002EC8016700902330 /* WindowFocusState.swift */,
				BC98BCD0ED814A6F90A8021D /* RadioStationLibrary.swift */,
				36C6A4148DF5415F9142A777 /* RadioStation.swift */,
				CD234EF56789ABCD01234567 /* AppSettings.swift */,
				FDF85EA8990A038079FC0CC3 /* EQF.swift */,
				2878CED72AA74CF1B0417AC5 /* EQPreset.swift */,
				2D4BAA0F198BED23AAFABFEC /* ImageSlicing.swift */,
				31F32D02E5A363D621708145 /* M3UEntry.swift */,
				57E5034E9E8C3E0CDB64AC2D /* M3UParser.swift */,
				1883C37C0887C2C13F6C9563 /* PLEditParser.swift */,
				93E9913A6D48005436618474 /* Skin.swift */,
				E51E7515EE6862B4F445AC81 /* SkinSprites.swift */,
				43358BDD8D9B537C9109DF62 /* SnapUtils.swift */,
				7324174AA2F7231F3B2508AE /* SpritePositions.swift */,
				b220e925d4d54168a0d0f84b /* SpriteResolver.swift */,
				A6D5886DD239C58D98785419 /* VisColorParser.swift */,
				195F00AABD5483A18861EC8A /* WindowSpec.swift */,
			);
			path = Models;
			sourceTree = "<group>";
		};
		D4D715C613A4E03DDE1E814A /* Views */ = {
			isa = PBXGroup;
			children = (
				36CAB6352EC25E4000902330 /* Windows */,
				36CAB62A2EC2589C00902330 /* WinampMilkdropWindow.swift */,
				36CAB62B2EC2589C00902330 /* WinampVideoWindow.swift */,
				36CAB6252EC13E3D00902330 /* Shared */,
				032A0DEAD316CCA0CDA2645D /* EqGraphView.swift */,
				DE345F678901BCDE12345678 /* PreferencesView.swift */,
				3D258350F99A800B8CBF8AEA /* PresetsButton.swift */,
				12C0A7D97E8D3B2E715D4EA0 /* SkinnedBanner.swift */,
				3DCDB09162242F5E73FF35F6 /* SkinnedText.swift */,
				B361EDCFD1F533FD16157EC1 /* VisualizerOptions.swift */,
				499433D5A14F2C47C9EB0931 /* VisualizerView.swift */,
				4A489CA15E452302405E6FAE /* WinampEqualizerWindow.swift */,
				0C3495B177A8BA24181B484E /* WinampMainWindow.swift */,
				75C52A558EFD4C84BBA21F92 /* WinampPlaylistWindow.swift */,
				0542534C840178895387FEE4 /* Components */,
			);
			path = Views;
			sourceTree = "<group>";
		};
		EB257FE97ABCB16CE95A16E0 /* Utilities */ = {
			isa = PBXGroup;
			children = (
				36CABCFE2EC8016000902330 /* WindowFocusDelegate.swift */,
				36CAB6282EC153FD00902330 /* WindowDelegateMultiplexer.swift */,
				366BB17B2EC0411E006162E2 /* WinampWindowConfigurator.swift */,
				F8A2F2CBA9954B0B144DA072 /* WindowAccessor.swift */,
				7FF88FFEFCC2A65D88029ADB /* WindowSnapManager.swift */,
			);
			path = Utilities;
			sourceTree = "<group>";
		};
		F3B9E0E999F4022FE2955A62 /* MacAmpApp */ = {
			isa = PBXGroup;
			children = (
				36CABCEC2EC7D8CD00902330 /* Resources */,
				366BB1752EC03A18006162E2 /* Windows */,
				A7CCE1500578ECAEED8FAA42 /* AppCommands.swift */,
				E5AF78956321BB7B21810429 /* Info.plist */,
				AA11BB22CC33DD44EE55FF66 /* Assets.xcassets */,
				C32D1ED0603B1A1497664E37 /* MacAmpApp.swift */,
				D5C4GF8F990H31I0H2G04370 /* SkinsCommands.swift */,
				9A7B4D25533F4BB078F35DC3 /* Skins */,
				9ACBD0A5767E26C387F3D2E0 /* Audio */,
				BD7D477F80E8626CFB2297F5 /* Models */,
				EB257FE97ABCB16CE95A16E0 /* Utilities */,
				F6196D172C274E5FC222D125 /* ViewModels */,
				D4D715C613A4E03DDE1E814A /* Views */,
			);
			path = MacAmpApp;
			sourceTree = "<group>";
		};
		F6196D172C274E5FC222D125 /* ViewModels */ = {
			isa = PBXGroup;
			children = (
				366BB16F2EC039E6006162E2 /* WindowCoordinator.swift */,
				74EDF33D12E79F86166AF268 /* DockingController.swift */,
				97F3E1419E231E886A674A64 /* SkinManager.swift */,
			);
			path = ViewModels;
			sourceTree = "<group>";
		};
/* End PBXGroup section */

/* Begin PBXNativeTarget section */
		DD89FFD3419B7EF1BC0409DB /* MacAmp */ = {
			isa = PBXNativeTarget;
			buildConfigurationList = 0454F19FCE0902CEF81620EB /* Build configuration list for PBXNativeTarget "MacAmp" */;
			buildPhases = (
				2697386ECDD0CA030FD7D5C8 /* Sources */,
				99343DBA52E4D9CABDAC849D /* Resources */,
				744B8AD2A52687019623EAA9 /* Frameworks */,
			);
			buildRules = (
			);
			dependencies = (
			);
			name = MacAmp;
			packageProductDependencies = (
				EA5D7D010AE0DE961C9470AC /* ZIPFoundation */,
			);
			productName = MacAmp;
			productReference = B36F1C1954EE4A8EBB993CB6 /* MacAmp.app */;
			productType = "com.apple.product-type.application";
		};
/* End PBXNativeTarget section */

/* Begin PBXProject section */
		0D2F82A937F54CAEA17497D5 /* Project object */ = {
			isa = PBXProject;
			attributes = {
				BuildIndependentTargetsInParallel = YES;
				LastUpgradeCheck = 2600;
			};
			buildConfigurationList = EB7C8A4570394B65D3B2086E /* Build configuration list for PBXProject "MacAmpApp" */;
			compatibilityVersion = "Xcode 14.0";
			developmentRegion = en;
			hasScannedForEncodings = 0;
			knownRegions = (
				Base,
				en,
			);
			mainGroup = 8CD286E67D5D5C57428DEE54;
			minimizedProjectReferenceProxies = 1;
			packageReferences = (
				9EF3ECBC1C8655B31067BAAB /* XCRemoteSwiftPackageReference "ZIPFoundation" */,
			);
			projectDirPath = "";
			projectRoot = "";
			targets = (
				DD89FFD3419B7EF1BC0409DB /* MacAmp */,
			);
		};
/* End PBXProject section */

/* Begin PBXResourcesBuildPhase section */
		99343DBA52E4D9CABDAC849D /* Resources */ = {
			isa = PBXResourcesBuildPhase;
			buildActionMask = 2147483647;
			files = (
				FF66EE55DD44CC33BB22AA11 /* Assets.xcassets in Resources */,
				BB499C96994EF9FC3DE4DDB4 /* Internet-Archive.wsz in Resources */,
				36C0FFE22EB512A300916917 /* Mac_OS-X_skin.wsz in Resources */,
				36C0FFE32EB512A300916917 /* Tron-Vaporwave-by-LuigiHann.wsz in Resources */,
				36C0FFE42EB512A300916917 /* Winamp3_Classified_v5.5.wsz in Resources */,
				36C0FFE52EB512A300916917 /* Sony_MP3_Player_.wsz in Resources */,
				36C0FFE62EB512A300916917 /* KenWood_KDC_7000_Elite.wsz in Resources */,
				AA399B95993DF8EB2CD3CCA3 /* Winamp.wsz in Resources */,
			);
			runOnlyForDeploymentPostprocessing = 0;
		};
/* End PBXResourcesBuildPhase section */

/* Begin PBXSourcesBuildPhase section */
		2697386ECDD0CA030FD7D5C8 /* Sources */ = {
			isa = PBXSourcesBuildPhase;
			buildActionMask = 2147483647;
			files = (
				36CAB62C2EC2589C00902330 /* WinampVideoWindow.swift in Sources */,
				36CAB62D2EC2589C00902330 /* WinampMilkdropWindow.swift in Sources */,
				5F1472E33F7A417E8C9E4107 /* RadioStation.swift in Sources */,
				342759E1558D4553A66C3AD9 /* RadioStationLibrary.swift in Sources */,
				93C52B55431F4E9C9E54ED8F /* StreamPlayer.swift in Sources */,
				4B6ACCF9E12C4031AAA5DE1D /* PlaybackCoordinator.swift in Sources */,
				36CAB6292EC153FD00902330 /* WindowDelegateMultiplexer.swift in Sources */,
				AB123DEF4E567890ABCDEF12 /* AppSettings.swift in Sources */,
				366BB17C2EC0411E006162E2 /* WinampWindowConfigurator.swift in Sources */,
				B3A2FD6D778A60B9F0D92258 /* AppCommands.swift in Sources */,
				2A33850C38AA921D5659ECA7 /* AudioPlayer.swift in Sources */,
				EE878CCB3C1E4F7801C5430E /* DockingController.swift in Sources */,
				397CD3DA0D75924BD0B90FBE /* EQF.swift in Sources */,
				4F952CA93D32BF2FB737DFBA /* EqGraphView.swift in Sources */,
				4007DF219A7FEAB6FFC1AE73 /* ImageSlicing.swift in Sources */,
				0E00109AB5375E26C755CA89 /* M3UEntry.swift in Sources */,
				8806F9498EDA22C217C91D30 /* M3UParser.swift in Sources */,
				B9F51DB9B3BAF8611108D699 /* MacAmpApp.swift in Sources */,
				41559151451B3CDCDAF46147 /* PLEditParser.swift in Sources */,
				36B64EDC2EB3023D004274F8 /* PlaylistMenuDelegate.swift in Sources */,
				BC234EF567890ABCD1234567 /* PreferencesView.swift in Sources */,
				CEB39A994DFFE2DCA8FDE7EF /* PresetsButton.swift in Sources */,
				8375D760955EEB75F8311F11 /* SimpleSpriteImage.swift in Sources */,
				B95D3BA95DB24E4CBDF9E30B /* TrackInfoView.swift in Sources */,
				A1B2C3D4E5F6789012345678 /* SpriteMenuItem.swift in Sources */,
				AC7BAF317F478CEB2F36F3DB /* PlaylistTimeText.swift in Sources */,
				CFF2E4B6A5D74592AA2B78CD /* PlaylistBitmapText.swift in Sources */,
				93E376C1200386F617D37563 /* Skin.swift in Sources */,
				09ABEB45DA77F1178E0F5317 /* SkinManager.swift in Sources */,
				C4B3FE7E889G20H9G1F93269 /* SkinsCommands.swift in Sources */,
				C71871258DD93C12C88EBED2 /* SkinSprites.swift in Sources */,
				36CAB63A2EC7845000902330 /* MilkdropWindowChromeView.swift in Sources */,
				366BB1762EC03A18006162E2 /* WinampMainWindowController.swift in Sources */,
				366BB1772EC03A18006162E2 /* WinampPlaylistWindowController.swift in Sources */,
				36CAB6382EC265BE00902330 /* AVPlayerViewRepresentable.swift in Sources */,
				366BB1782EC03A18006162E2 /* WinampEqualizerWindowController.swift in Sources */,
				9C74995B7081637EB964D3AA /* SkinnedBanner.swift in Sources */,
				00818CBB70425D395EE2B862 /* SkinnedText.swift in Sources */,
				77129ADBBBC75DF6BA1EC1C8 /* SnapUtils.swift in Sources */,
				5E12F332C6929193D1EBFB8D /* SpritePositions.swift in Sources */,
				70120b5751e24a3084c04a0b /* SpriteResolver.swift in Sources */,
				36CABD012EC8016700902330 /* WindowFocusState.swift in Sources */,
				3686476C2EC8336B009D1D8E /* Size2D.swift in Sources */,
				3686476D2EC8336B009D1D8E /* VideoWindowSizeState.swift in Sources */,
				366BB1702EC039E6006162E2 /* WindowCoordinator.swift in Sources */,
				36CAB6362EC25E4000902330 /* VideoWindowChromeView.swift in Sources */,
				36CAB6302EC258AD00902330 /* WinampVideoWindowController.swift in Sources */,
				36CAB6312EC258AD00902330 /* WinampMilkdropWindowController.swift in Sources */,
				49B5BA3F742A4C3CB430A8E3 /* EQPreset.swift in Sources */,
				93EBD6FADA9285C58A329F5C /* VisColorParser.swift in Sources */,
				11C6F38CB7C5AADA7B5AFE57 /* VisualizerOptions.swift in Sources */,
				D077337C4C05A6658475376F /* VisualizerView.swift in Sources */,
				3D5787FD4B060D13BE690E2A /* WinampEqualizerWindow.swift in Sources */,
				34EEE95E7D965A0D94D12C30 /* WinampMainWindow.swift in Sources */,
				36CABCFF2EC8016000902330 /* WindowFocusDelegate.swift in Sources */,
				ADDBF8E53028E97A7A005307 /* WinampPlaylistWindow.swift in Sources */,
				592F5C98FC8B29F71341CBD8 /* WinampVolumeSlider.swift in Sources */,
				878F770AF1608311F0C9BA09 /* WindowAccessor.swift in Sources */,
				7C97F7855F700CA55821BFD1 /* WindowSnapManager.swift in Sources */,
				366BB17A2EC03F9B006162E2 /* BorderlessWindow.swift in Sources */,
				36CAB6262EC13E3D00902330 /* WinampTitlebarDragHandle.swift in Sources */,
				36CAB6272EC13E3D00902330 /* TitlebarDragCaptureView.swift in Sources */,
				47C40C273D4B4CD3804B3224 /* WindowSpec.swift in Sources */,
			);
			runOnlyForDeploymentPostprocessing = 0;
		};
/* End PBXSourcesBuildPhase section */

/* Begin XCBuildConfiguration section */
		1C70FC63A02D0BF514D3DA6C /* Release */ = {
			isa = XCBuildConfiguration;
			buildSettings = {
				ASSETCATALOG_COMPILER_APPICON_NAME = AppIcon;
				"ASSETCATALOG_COMPILER_APPICON_NAME[sdk=macosx*]" = AppIcon;
				ASSETCATALOG_COMPILER_INCLUDE_ALL_APPICON_ASSETS = NO;
				CODE_SIGN_ENTITLEMENTS = MacAmpApp/MacAmp.entitlements;
				CODE_SIGN_IDENTITY = "Apple Development";
				"CODE_SIGN_IDENTITY[sdk=macosx*]" = "Developer ID Application";
				CODE_SIGN_STYLE = Manual;
				COMBINE_HIDPI_IMAGES = YES;
				CURRENT_PROJECT_VERSION = 1;
				DEAD_CODE_STRIPPING = YES;
				DEVELOPMENT_TEAM = "";
				"DEVELOPMENT_TEAM[sdk=macosx*]" = AC3LGVEJJ8;
				INFOPLIST_FILE = MacAmpApp/Info.plist;
				INFOPLIST_KEY_CFBundleDisplayName = MacAmp;
				INFOPLIST_KEY_LSApplicationCategoryType = "public.app-category.music";
				LD_RUNPATH_SEARCH_PATHS = (
					"$(inherited)",
					"@executable_path/../Frameworks",
				);
				MACOSX_DEPLOYMENT_TARGET = 15.0;
				MARKETING_VERSION = 0.8;
				PRODUCT_BUNDLE_IDENTIFIER = com.hankyeomans.MacAmp;
				PROVISIONING_PROFILE_SPECIFIER = "";
				SDKROOT = macosx;
				SWIFT_STRICT_CONCURRENCY = complete;
				SWIFT_VERSION = 6.0;
			};
			name = Release;
		};
		6031C91DDEE993308F8322F6 /* Debug */ = {
			isa = XCBuildConfiguration;
			buildSettings = {
				ALWAYS_SEARCH_USER_PATHS = NO;
				ASSETCATALOG_COMPILER_GENERATE_SWIFT_ASSET_SYMBOL_EXTENSIONS = YES;
				CLANG_ANALYZER_NONNULL = YES;
				CLANG_ANALYZER_NUMBER_OBJECT_CONVERSION = YES_AGGRESSIVE;
				CLANG_CXX_LANGUAGE_STANDARD = "gnu++14";
				CLANG_CXX_LIBRARY = "libc++";
				CLANG_ENABLE_MODULES = YES;
				CLANG_ENABLE_OBJC_ARC = YES;
				CLANG_ENABLE_OBJC_WEAK = YES;
				CLANG_WARN_BLOCK_CAPTURE_AUTORELEASING = YES;
				CLANG_WARN_BOOL_CONVERSION = YES;
				CLANG_WARN_COMMA = YES;
				CLANG_WARN_CONSTANT_CONVERSION = YES;
				CLANG_WARN_DEPRECATED_OBJC_IMPLEMENTATIONS = YES;
				CLANG_WARN_DIRECT_OBJC_ISA_USAGE = YES_ERROR;
				CLANG_WARN_DOCUMENTATION_COMMENTS = YES;
				CLANG_WARN_EMPTY_BODY = YES;
				CLANG_WARN_ENUM_CONVERSION = YES;
				CLANG_WARN_INFINITE_RECURSION = YES;
				CLANG_WARN_INT_CONVERSION = YES;
				CLANG_WARN_NON_LITERAL_NULL_CONVERSION = YES;
				CLANG_WARN_OBJC_IMPLICIT_RETAIN_SELF = YES;
				CLANG_WARN_OBJC_LITERAL_CONVERSION = YES;
				CLANG_WARN_OBJC_ROOT_CLASS = YES_ERROR;
				CLANG_WARN_QUOTED_INCLUDE_IN_FRAMEWORK_HEADER = YES;
				CLANG_WARN_RANGE_LOOP_ANALYSIS = YES;
				CLANG_WARN_STRICT_PROTOTYPES = YES;
				CLANG_WARN_SUSPICIOUS_MOVE = YES;
				CLANG_WARN_UNGUARDED_AVAILABILITY = YES_AGGRESSIVE;
				CLANG_WARN_UNREACHABLE_CODE = YES;
				CLANG_WARN__DUPLICATE_METHOD_MATCH = YES;
				COPY_PHASE_STRIP = NO;
				DEAD_CODE_STRIPPING = YES;
				DEBUG_INFORMATION_FORMAT = dwarf;
				ENABLE_STRICT_OBJC_MSGSEND = YES;
				ENABLE_TESTABILITY = YES;
				ENABLE_USER_SCRIPT_SANDBOXING = YES;
				GCC_C_LANGUAGE_STANDARD = gnu11;
				GCC_DYNAMIC_NO_PIC = NO;
				GCC_NO_COMMON_BLOCKS = YES;
				GCC_OPTIMIZATION_LEVEL = 0;
				GCC_PREPROCESSOR_DEFINITIONS = (
					"$(inherited)",
					"DEBUG=1",
				);
				GCC_WARN_64_TO_32_BIT_CONVERSION = YES;
				GCC_WARN_ABOUT_RETURN_TYPE = YES_ERROR;
				GCC_WARN_UNDECLARED_SELECTOR = YES;
				GCC_WARN_UNINITIALIZED_AUTOS = YES_AGGRESSIVE;
				GCC_WARN_UNUSED_FUNCTION = YES;
				GCC_WARN_UNUSED_VARIABLE = YES;
				MACOSX_DEPLOYMENT_TARGET = 15.0;
				MTL_ENABLE_DEBUG_INFO = INCLUDE_SOURCE;
				MTL_FAST_MATH = YES;
				ONLY_ACTIVE_ARCH = YES;
				PRODUCT_NAME = "$(TARGET_NAME)";
				SDKROOT = macosx;
				STRING_CATALOG_GENERATE_SYMBOLS = YES;
				SWIFT_ACTIVE_COMPILATION_CONDITIONS = DEBUG;
				SWIFT_OPTIMIZATION_LEVEL = "-Onone";
				SWIFT_VERSION = 6.0;
			};
			name = Debug;
		};
		CBBFF8C29EF66635345B101C /* Release */ = {
			isa = XCBuildConfiguration;
			buildSettings = {
				ALWAYS_SEARCH_USER_PATHS = NO;
				ASSETCATALOG_COMPILER_GENERATE_SWIFT_ASSET_SYMBOL_EXTENSIONS = YES;
				CLANG_ANALYZER_NONNULL = YES;
				CLANG_ANALYZER_NUMBER_OBJECT_CONVERSION = YES_AGGRESSIVE;
				CLANG_CXX_LANGUAGE_STANDARD = "gnu++14";
				CLANG_CXX_LIBRARY = "libc++";
				CLANG_ENABLE_MODULES = YES;
				CLANG_ENABLE_OBJC_ARC = YES;
				CLANG_ENABLE_OBJC_WEAK = YES;
				CLANG_WARN_BLOCK_CAPTURE_AUTORELEASING = YES;
				CLANG_WARN_BOOL_CONVERSION = YES;
				CLANG_WARN_COMMA = YES;
				CLANG_WARN_CONSTANT_CONVERSION = YES;
				CLANG_WARN_DEPRECATED_OBJC_IMPLEMENTATIONS = YES;
				CLANG_WARN_DIRECT_OBJC_ISA_USAGE = YES_ERROR;
				CLANG_WARN_DOCUMENTATION_COMMENTS = YES;
				CLANG_WARN_EMPTY_BODY = YES;
				CLANG_WARN_ENUM_CONVERSION = YES;
				CLANG_WARN_INFINITE_RECURSION = YES;
				CLANG_WARN_INT_CONVERSION = YES;
				CLANG_WARN_NON_LITERAL_NULL_CONVERSION = YES;
				CLANG_WARN_OBJC_IMPLICIT_RETAIN_SELF = YES;
				CLANG_WARN_OBJC_LITERAL_CONVERSION = YES;
				CLANG_WARN_OBJC_ROOT_CLASS = YES_ERROR;
				CLANG_WARN_QUOTED_INCLUDE_IN_FRAMEWORK_HEADER = YES;
				CLANG_WARN_RANGE_LOOP_ANALYSIS = YES;
				CLANG_WARN_STRICT_PROTOTYPES = YES;
				CLANG_WARN_SUSPICIOUS_MOVE = YES;
				CLANG_WARN_UNGUARDED_AVAILABILITY = YES_AGGRESSIVE;
				CLANG_WARN_UNREACHABLE_CODE = YES;
				CLANG_WARN__DUPLICATE_METHOD_MATCH = YES;
				COPY_PHASE_STRIP = NO;
				DEAD_CODE_STRIPPING = YES;
				DEBUG_INFORMATION_FORMAT = "dwarf-with-dsym";
				ENABLE_NS_ASSERTIONS = NO;
				ENABLE_STRICT_OBJC_MSGSEND = YES;
				ENABLE_USER_SCRIPT_SANDBOXING = YES;
				GCC_C_LANGUAGE_STANDARD = gnu11;
				GCC_NO_COMMON_BLOCKS = YES;
				GCC_WARN_64_TO_32_BIT_CONVERSION = YES;
				GCC_WARN_ABOUT_RETURN_TYPE = YES_ERROR;
				GCC_WARN_UNDECLARED_SELECTOR = YES;
				GCC_WARN_UNINITIALIZED_AUTOS = YES_AGGRESSIVE;
				GCC_WARN_UNUSED_FUNCTION = YES;
				GCC_WARN_UNUSED_VARIABLE = YES;
				MACOSX_DEPLOYMENT_TARGET = 15.0;
				MTL_ENABLE_DEBUG_INFO = NO;
				MTL_FAST_MATH = YES;
				PRODUCT_NAME = "$(TARGET_NAME)";
				SDKROOT = macosx;
				STRING_CATALOG_GENERATE_SYMBOLS = YES;
				SWIFT_COMPILATION_MODE = wholemodule;
				SWIFT_OPTIMIZATION_LEVEL = "-O";
				SWIFT_VERSION = 6.0;
			};
			name = Release;
		};
		E3A9880885E22FC6CC01125E /* Debug */ = {
			isa = XCBuildConfiguration;
			buildSettings = {
				ASSETCATALOG_COMPILER_APPICON_NAME = AppIcon;
				"ASSETCATALOG_COMPILER_APPICON_NAME[sdk=macosx*]" = AppIcon;
				ASSETCATALOG_COMPILER_INCLUDE_ALL_APPICON_ASSETS = NO;
				CODE_SIGN_ENTITLEMENTS = MacAmpApp/MacAmp.entitlements;
				CODE_SIGN_IDENTITY = "Apple Development";
				CODE_SIGN_STYLE = Automatic;
				COMBINE_HIDPI_IMAGES = YES;
				CURRENT_PROJECT_VERSION = 1;
				DEAD_CODE_STRIPPING = YES;
				DEVELOPMENT_TEAM = AC3LGVEJJ8;
				INFOPLIST_FILE = MacAmpApp/Info.plist;
				INFOPLIST_KEY_CFBundleDisplayName = MacAmp;
				INFOPLIST_KEY_LSApplicationCategoryType = "public.app-category.music";
				LD_RUNPATH_SEARCH_PATHS = (
					"$(inherited)",
					"@executable_path/../Frameworks",
				);
				MACOSX_DEPLOYMENT_TARGET = 15.0;
				MARKETING_VERSION = 0.8;
				PRODUCT_BUNDLE_IDENTIFIER = com.hankyeomans.MacAmp;
				PROVISIONING_PROFILE_SPECIFIER = "";
				SDKROOT = macosx;
				SWIFT_STRICT_CONCURRENCY = complete;
				SWIFT_VERSION = 6.0;
			};
			name = Debug;
		};
/* End XCBuildConfiguration section */

/* Begin XCConfigurationList section */
		0454F19FCE0902CEF81620EB /* Build configuration list for PBXNativeTarget "MacAmp" */ = {
			isa = XCConfigurationList;
			buildConfigurations = (
				E3A9880885E22FC6CC01125E /* Debug */,
				1C70FC63A02D0BF514D3DA6C /* Release */,
			);
			defaultConfigurationIsVisible = 0;
			defaultConfigurationName = Debug;
		};
		EB7C8A4570394B65D3B2086E /* Build configuration list for PBXProject "MacAmpApp" */ = {
			isa = XCConfigurationList;
			buildConfigurations = (
				6031C91DDEE993308F8322F6 /* Debug */,
				CBBFF8C29EF66635345B101C /* Release */,
			);
			defaultConfigurationIsVisible = 0;
			defaultConfigurationName = Debug;
		};
/* End XCConfigurationList section */

/* Begin XCRemoteSwiftPackageReference section */
		9EF3ECBC1C8655B31067BAAB /* XCRemoteSwiftPackageReference "ZIPFoundation" */ = {
			isa = XCRemoteSwiftPackageReference;
			repositoryURL = "https://github.com/weichsel/ZIPFoundation.git";
			requirement = {
				kind = upToNextMajorVersion;
				minimumVersion = 0.9.0;
			};
		};
/* End XCRemoteSwiftPackageReference section */

/* Begin XCSwiftPackageProductDependency section */
		EA5D7D010AE0DE961C9470AC /* ZIPFoundation */ = {
			isa = XCSwiftPackageProductDependency;
			package = 9EF3ECBC1C8655B31067BAAB /* XCRemoteSwiftPackageReference "ZIPFoundation" */;
			productName = ZIPFoundation;
		};
/* End XCSwiftPackageProductDependency section */
	};
	rootObject = 0D2F82A937F54CAEA17497D5 /* Project object */;
}
