// !$*UTF8*$!
{
	archiveVersion = 1;
	classes = {
	};
	objectVersion = 77;
	objects = {

/* Begin PBXBuildFile section */
		00818CBB70425D395EE2B862 /* SkinnedText.swift in Sources */ = {isa = PBXBuildFile; fileRef = 3DCDB09162242F5E73FF35F6 /* SkinnedText.swift */; };
		09ABEB45DA77F1178E0F5317 /* SkinManager.swift in Sources */ = {isa = PBXBuildFile; fileRef = 97F3E1419E231E886A674A64 /* SkinManager.swift */; };
		11C6F38CB7C5AADA7B5AFE57 /* VisualizerOptions.swift in Sources */ = {isa = PBXBuildFile; fileRef = B361EDCFD1F533FD16157EC1 /* VisualizerOptions.swift */; };
		2A33850C38AA921D5659ECA7 /* AudioPlayer.swift in Sources */ = {isa = PBXBuildFile; fileRef = BC875DDD2BE621229D463CB9 /* AudioPlayer.swift */; };
		2BEEA991452D4A86CD1AC9F7 /* ZIPFoundation in Frameworks */ = {isa = PBXBuildFile; productRef = EA5D7D010AE0DE961C9470AC /* ZIPFoundation */; };
		34EEE95E7D965A0D94D12C30 /* WinampMainWindow.swift in Sources */ = {isa = PBXBuildFile; fileRef = 0C3495B177A8BA24181B484E /* WinampMainWindow.swift */; };
		397CD3DA0D75924BD0B90FBE /* EQF.swift in Sources */ = {isa = PBXBuildFile; fileRef = FDF85EA8990A038079FC0CC3 /* EQF.swift */; };
		3D5787FD4B060D13BE690E2A /* WinampEqualizerWindow.swift in Sources */ = {isa = PBXBuildFile; fileRef = 4A489CA15E452302405E6FAE /* WinampEqualizerWindow.swift */; };
		4007DF219A7FEAB6FFC1AE73 /* ImageSlicing.swift in Sources */ = {isa = PBXBuildFile; fileRef = 2D4BAA0F198BED23AAFABFEC /* ImageSlicing.swift */; };
		41559151451B3CDCDAF46147 /* PLEditParser.swift in Sources */ = {isa = PBXBuildFile; fileRef = 1883C37C0887C2C13F6C9563 /* PLEditParser.swift */; };
		47C40C273D4B4CD3804B3224 /* WindowSpec.swift in Sources */ = {isa = PBXBuildFile; fileRef = 195F00AABD5483A18861EC8A /* WindowSpec.swift */; };
		4F952CA93D32BF2FB737DFBA /* EqGraphView.swift in Sources */ = {isa = PBXBuildFile; fileRef = 032A0DEAD316CCA0CDA2645D /* EqGraphView.swift */; };
		592F5C98FC8B29F71341CBD8 /* WinampVolumeSlider.swift in Sources */ = {isa = PBXBuildFile; fileRef = BAA63D879B46D5FFF6BA8BE9 /* WinampVolumeSlider.swift */; };
		5E12F332C6929193D1EBFB8D /* SpritePositions.swift in Sources */ = {isa = PBXBuildFile; fileRef = 7324174AA2F7231F3B2508AE /* SpritePositions.swift */; };
		77129ADBBBC75DF6BA1EC1C8 /* SnapUtils.swift in Sources */ = {isa = PBXBuildFile; fileRef = 43358BDD8D9B537C9109DF62 /* SnapUtils.swift */; };
		7C97F7855F700CA55821BFD1 /* WindowSnapManager.swift in Sources */ = {isa = PBXBuildFile; fileRef = 7FF88FFEFCC2A65D88029ADB /* WindowSnapManager.swift */; };
		8375D760955EEB75F8311F11 /* SimpleSpriteImage.swift in Sources */ = {isa = PBXBuildFile; fileRef = 77A0C7921140C73AB173A5E8 /* SimpleSpriteImage.swift */; };
		878F770AF1608311F0C9BA09 /* WindowAccessor.swift in Sources */ = {isa = PBXBuildFile; fileRef = F8A2F2CBA9954B0B144DA072 /* WindowAccessor.swift */; };
		8D904211B7B13AF3D346AAC4 /* DockingContainerView.swift in Sources */ = {isa = PBXBuildFile; fileRef = 545ACEB67244E17A46293AF3 /* DockingContainerView.swift */; };
		8F699CB7102EA261F8CF777B /* PlaylistWindowView.swift in Sources */ = {isa = PBXBuildFile; fileRef = C763742AA7B5615883A0BB97 /* PlaylistWindowView.swift */; };
		93E376C1200386F617D37563 /* Skin.swift in Sources */ = {isa = PBXBuildFile; fileRef = 93E9913A6D48005436618474 /* Skin.swift */; };
		93EBD6FADA9285C58A329F5C /* VisColorParser.swift in Sources */ = {isa = PBXBuildFile; fileRef = A6D5886DD239C58D98785419 /* VisColorParser.swift */; };
		9C74995B7081637EB964D3AA /* SkinnedBanner.swift in Sources */ = {isa = PBXBuildFile; fileRef = 12C0A7D97E8D3B2E715D4EA0 /* SkinnedBanner.swift */; };
		9C8F5A2DD13F19EDAABA8130 /* UnifiedDockView.swift in Sources */ = {isa = PBXBuildFile; fileRef = 590BF37A22DF8EAB2B27DE50 /* UnifiedDockView.swift */; };
		A08CECA8546ACA2C49A815D0 /* BalanceSliderView.swift in Sources */ = {isa = PBXBuildFile; fileRef = 9D670AF21099D18D7C29C12D /* BalanceSliderView.swift */; };
		A2EC01D7DB6A48D968B6F339 /* VolumeSliderView.swift in Sources */ = {isa = PBXBuildFile; fileRef = AB12B8B4E500692FEC97C025 /* VolumeSliderView.swift */; };
		A3E0DBA5AC381AB3F23130A1 /* EqualizerWindowView.swift in Sources */ = {isa = PBXBuildFile; fileRef = 8897A6072B979DC743DC44E3 /* EqualizerWindowView.swift */; };
		AA399B95993DF8EB2CD3CCA3 /* Winamp.wsz in Resources */ = {isa = PBXBuildFile; fileRef = A5F876BD10A8CBDE81C28D51 /* Winamp.wsz */; };
		BB499C96994EF9FC3DE4DDB4 /* Internet-Archive.wsz in Resources */ = {isa = PBXBuildFile; fileRef = B6G987CE11B9DCEF82D39E62 /* Internet-Archive.wsz */; };
		AAF5D9A50EE387DBADF446D2 /* EQSliderView.swift in Sources */ = {isa = PBXBuildFile; fileRef = 77BEA1F1121A4B4633AD1083 /* EQSliderView.swift */; };
		ADDBF8E53028E97A7A005307 /* WinampPlaylistWindow.swift in Sources */ = {isa = PBXBuildFile; fileRef = 75C52A558EFD4C84BBA21F92 /* WinampPlaylistWindow.swift */; };
		B3A2FD6D778A60B9F0D92258 /* AppCommands.swift in Sources */ = {isa = PBXBuildFile; fileRef = A7CCE1500578ECAEED8FAA42 /* AppCommands.swift */; };
		C4B3FE7E889G20H9G1F93269 /* SkinsCommands.swift in Sources */ = {isa = PBXBuildFile; fileRef = D5C4GF8F990H31I0H2G04370 /* SkinsCommands.swift */; };
		B9F51DB9B3BAF8611108D699 /* MacAmpApp.swift in Sources */ = {isa = PBXBuildFile; fileRef = C32D1ED0603B1A1497664E37 /* MacAmpApp.swift */; };
		C71871258DD93C12C88EBED2 /* SkinSprites.swift in Sources */ = {isa = PBXBuildFile; fileRef = E51E7515EE6862B4F445AC81 /* SkinSprites.swift */; };
		CEB39A994DFFE2DCA8FDE7EF /* PresetsButton.swift in Sources */ = {isa = PBXBuildFile; fileRef = 3D258350F99A800B8CBF8AEA /* PresetsButton.swift */; };
		D077337C4C05A6658475376F /* VisualizerView.swift in Sources */ = {isa = PBXBuildFile; fileRef = 499433D5A14F2C47C9EB0931 /* VisualizerView.swift */; };
		D1C8711941E449B2B86568DF /* SimpleTestMainWindow.swift in Sources */ = {isa = PBXBuildFile; fileRef = 61CCD7FBB76B81039F2887D7 /* SimpleTestMainWindow.swift */; };
		EE878CCB3C1E4F7801C5430E /* DockingController.swift in Sources */ = {isa = PBXBuildFile; fileRef = 74EDF33D12E79F86166AF268 /* DockingController.swift */; };
		AB123DEF4E567890ABCDEF12 /* AppSettings.swift in Sources */ = {isa = PBXBuildFile; fileRef = CD234EF56789ABCD01234567 /* AppSettings.swift */; };
		BC234EF567890ABCD1234567 /* PreferencesView.swift in Sources */ = {isa = PBXBuildFile; fileRef = DE345F678901BCDE12345678 /* PreferencesView.swift */; };
		FEF2451745AD29CA232322BF /* MainWindowView.swift in Sources */ = {isa = PBXBuildFile; fileRef = DC46D7551B28A7B9FF034839 /* MainWindowView.swift */; };
/* End PBXBuildFile section */

/* Begin PBXFileReference section */
		032A0DEAD316CCA0CDA2645D /* EqGraphView.swift */ = {isa = PBXFileReference; lastKnownFileType = sourcecode.swift; path = EqGraphView.swift; sourceTree = "<group>"; };
		0C3495B177A8BA24181B484E /* WinampMainWindow.swift */ = {isa = PBXFileReference; lastKnownFileType = sourcecode.swift; path = WinampMainWindow.swift; sourceTree = "<group>"; };
		12C0A7D97E8D3B2E715D4EA0 /* SkinnedBanner.swift */ = {isa = PBXFileReference; lastKnownFileType = sourcecode.swift; path = SkinnedBanner.swift; sourceTree = "<group>"; };
		1883C37C0887C2C13F6C9563 /* PLEditParser.swift */ = {isa = PBXFileReference; lastKnownFileType = sourcecode.swift; path = PLEditParser.swift; sourceTree = "<group>"; };
		195F00AABD5483A18861EC8A /* WindowSpec.swift */ = {isa = PBXFileReference; lastKnownFileType = sourcecode.swift; path = WindowSpec.swift; sourceTree = "<group>"; };
		2D4BAA0F198BED23AAFABFEC /* ImageSlicing.swift */ = {isa = PBXFileReference; lastKnownFileType = sourcecode.swift; path = ImageSlicing.swift; sourceTree = "<group>"; };
		3D258350F99A800B8CBF8AEA /* PresetsButton.swift */ = {isa = PBXFileReference; lastKnownFileType = sourcecode.swift; path = PresetsButton.swift; sourceTree = "<group>"; };
		3DCDB09162242F5E73FF35F6 /* SkinnedText.swift */ = {isa = PBXFileReference; lastKnownFileType = sourcecode.swift; path = SkinnedText.swift; sourceTree = "<group>"; };
		43358BDD8D9B537C9109DF62 /* SnapUtils.swift */ = {isa = PBXFileReference; lastKnownFileType = sourcecode.swift; path = SnapUtils.swift; sourceTree = "<group>"; };
		499433D5A14F2C47C9EB0931 /* VisualizerView.swift */ = {isa = PBXFileReference; lastKnownFileType = sourcecode.swift; path = VisualizerView.swift; sourceTree = "<group>"; };
		4A489CA15E452302405E6FAE /* WinampEqualizerWindow.swift */ = {isa = PBXFileReference; lastKnownFileType = sourcecode.swift; path = WinampEqualizerWindow.swift; sourceTree = "<group>"; };
		545ACEB67244E17A46293AF3 /* DockingContainerView.swift */ = {isa = PBXFileReference; lastKnownFileType = sourcecode.swift; path = DockingContainerView.swift; sourceTree = "<group>"; };
		590BF37A22DF8EAB2B27DE50 /* UnifiedDockView.swift */ = {isa = PBXFileReference; lastKnownFileType = sourcecode.swift; path = UnifiedDockView.swift; sourceTree = "<group>"; };
		61CCD7FBB76B81039F2887D7 /* SimpleTestMainWindow.swift */ = {isa = PBXFileReference; lastKnownFileType = sourcecode.swift; path = SimpleTestMainWindow.swift; sourceTree = "<group>"; };
		7324174AA2F7231F3B2508AE /* SpritePositions.swift */ = {isa = PBXFileReference; lastKnownFileType = sourcecode.swift; path = SpritePositions.swift; sourceTree = "<group>"; };
		74EDF33D12E79F86166AF268 /* DockingController.swift */ = {isa = PBXFileReference; lastKnownFileType = sourcecode.swift; path = DockingController.swift; sourceTree = "<group>"; };
		CD234EF56789ABCD01234567 /* AppSettings.swift */ = {isa = PBXFileReference; lastKnownFileType = sourcecode.swift; path = AppSettings.swift; sourceTree = "<group>"; };
		DE345F678901BCDE12345678 /* PreferencesView.swift */ = {isa = PBXFileReference; lastKnownFileType = sourcecode.swift; path = PreferencesView.swift; sourceTree = "<group>"; };
		75C52A558EFD4C84BBA21F92 /* WinampPlaylistWindow.swift */ = {isa = PBXFileReference; lastKnownFileType = sourcecode.swift; path = WinampPlaylistWindow.swift; sourceTree = "<group>"; };
		77A0C7921140C73AB173A5E8 /* SimpleSpriteImage.swift */ = {isa = PBXFileReference; lastKnownFileType = sourcecode.swift; path = SimpleSpriteImage.swift; sourceTree = "<group>"; };
		77BEA1F1121A4B4633AD1083 /* EQSliderView.swift */ = {isa = PBXFileReference; lastKnownFileType = sourcecode.swift; path = EQSliderView.swift; sourceTree = "<group>"; };
		7FF88FFEFCC2A65D88029ADB /* WindowSnapManager.swift */ = {isa = PBXFileReference; lastKnownFileType = sourcecode.swift; path = WindowSnapManager.swift; sourceTree = "<group>"; };
		8897A6072B979DC743DC44E3 /* EqualizerWindowView.swift */ = {isa = PBXFileReference; lastKnownFileType = sourcecode.swift; path = EqualizerWindowView.swift; sourceTree = "<group>"; };
		93E9913A6D48005436618474 /* Skin.swift */ = {isa = PBXFileReference; lastKnownFileType = sourcecode.swift; path = Skin.swift; sourceTree = "<group>"; };
		97F3E1419E231E886A674A64 /* SkinManager.swift */ = {isa = PBXFileReference; lastKnownFileType = sourcecode.swift; path = SkinManager.swift; sourceTree = "<group>"; };
		9D670AF21099D18D7C29C12D /* BalanceSliderView.swift */ = {isa = PBXFileReference; lastKnownFileType = sourcecode.swift; path = BalanceSliderView.swift; sourceTree = "<group>"; };
		A5F876BD10A8CBDE81C28D51 /* Winamp.wsz */ = {isa = PBXFileReference; path = Winamp.wsz; sourceTree = "<group>"; };
		B6G987CE11B9DCEF82D39E62 /* Internet-Archive.wsz */ = {isa = PBXFileReference; path = "Internet-Archive.wsz"; sourceTree = "<group>"; };
		A6D5886DD239C58D98785419 /* VisColorParser.swift */ = {isa = PBXFileReference; lastKnownFileType = sourcecode.swift; path = VisColorParser.swift; sourceTree = "<group>"; };
		A7CCE1500578ECAEED8FAA42 /* AppCommands.swift */ = {isa = PBXFileReference; lastKnownFileType = sourcecode.swift; path = AppCommands.swift; sourceTree = "<group>"; };
		AB12B8B4E500692FEC97C025 /* VolumeSliderView.swift */ = {isa = PBXFileReference; lastKnownFileType = sourcecode.swift; path = VolumeSliderView.swift; sourceTree = "<group>"; };
		B361EDCFD1F533FD16157EC1 /* VisualizerOptions.swift */ = {isa = PBXFileReference; lastKnownFileType = sourcecode.swift; path = VisualizerOptions.swift; sourceTree = "<group>"; };
		B36F1C1954EE4A8EBB993CB6 /* MacAmpApp.app */ = {isa = PBXFileReference; explicitFileType = wrapper.application; includeInIndex = 0; path = MacAmpApp.app; sourceTree = BUILT_PRODUCTS_DIR; };
		BAA63D879B46D5FFF6BA8BE9 /* WinampVolumeSlider.swift */ = {isa = PBXFileReference; lastKnownFileType = sourcecode.swift; path = WinampVolumeSlider.swift; sourceTree = "<group>"; };
		BC875DDD2BE621229D463CB9 /* AudioPlayer.swift */ = {isa = PBXFileReference; lastKnownFileType = sourcecode.swift; path = AudioPlayer.swift; sourceTree = "<group>"; };
		C32D1ED0603B1A1497664E37 /* MacAmpApp.swift */ = {isa = PBXFileReference; lastKnownFileType = sourcecode.swift; path = MacAmpApp.swift; sourceTree = "<group>"; };
		D5C4GF8F990H31I0H2G04370 /* SkinsCommands.swift */ = {isa = PBXFileReference; lastKnownFileType = sourcecode.swift; path = SkinsCommands.swift; sourceTree = "<group>"; };
		C763742AA7B5615883A0BB97 /* PlaylistWindowView.swift */ = {isa = PBXFileReference; lastKnownFileType = sourcecode.swift; path = PlaylistWindowView.swift; sourceTree = "<group>"; };
		DC46D7551B28A7B9FF034839 /* MainWindowView.swift */ = {isa = PBXFileReference; lastKnownFileType = sourcecode.swift; path = MainWindowView.swift; sourceTree = "<group>"; };
		E51E7515EE6862B4F445AC81 /* SkinSprites.swift */ = {isa = PBXFileReference; lastKnownFileType = sourcecode.swift; path = SkinSprites.swift; sourceTree = "<group>"; };
		E5AF78956321BB7B21810429 /* Info.plist */ = {isa = PBXFileReference; lastKnownFileType = text.plist; path = Info.plist; sourceTree = "<group>"; };
		F8A2F2CBA9954B0B144DA072 /* WindowAccessor.swift */ = {isa = PBXFileReference; lastKnownFileType = sourcecode.swift; path = WindowAccessor.swift; sourceTree = "<group>"; };
		FDF85EA8990A038079FC0CC3 /* EQF.swift */ = {isa = PBXFileReference; lastKnownFileType = sourcecode.swift; path = EQF.swift; sourceTree = "<group>"; };
/* End PBXFileReference section */

/* Begin PBXFrameworksBuildPhase section */
		744B8AD2A52687019623EAA9 /* Frameworks */ = {
			isa = PBXFrameworksBuildPhase;
			buildActionMask = 2147483647;
			files = (
				2BEEA991452D4A86CD1AC9F7 /* ZIPFoundation in Frameworks */,
			);
			runOnlyForDeploymentPostprocessing = 0;
		};
/* End PBXFrameworksBuildPhase section */

/* Begin PBXGroup section */
		0542534C840178895387FEE4 /* Components */ = {
			isa = PBXGroup;
			children = (
				77A0C7921140C73AB173A5E8 /* SimpleSpriteImage.swift */,
				BAA63D879B46D5FFF6BA8BE9 /* WinampVolumeSlider.swift */,
			);
			path = Components;
			sourceTree = "<group>";
		};
		679D4139BE833A25AB1CBCFA /* Products */ = {
			isa = PBXGroup;
			children = (
				B36F1C1954EE4A8EBB993CB6 /* MacAmpApp.app */,
			);
			name = Products;
			sourceTree = "<group>";
		};
		8CD286E67D5D5C57428DEE54 = {
			isa = PBXGroup;
			children = (
				F3B9E0E999F4022FE2955A62 /* MacAmpApp */,
				679D4139BE833A25AB1CBCFA /* Products */,
			);
			sourceTree = "<group>";
		};
		9A7B4D25533F4BB078F35DC3 /* Skins */ = {
			isa = PBXGroup;
			children = (
				B6G987CE11B9DCEF82D39E62 /* Internet-Archive.wsz */,
				A5F876BD10A8CBDE81C28D51 /* Winamp.wsz */,
			);
			path = Skins;
			sourceTree = "<group>";
		};
		9ACBD0A5767E26C387F3D2E0 /* Audio */ = {
			isa = PBXGroup;
			children = (
				BC875DDD2BE621229D463CB9 /* AudioPlayer.swift */,
			);
			path = Audio;
			sourceTree = "<group>";
		};
		BD7D477F80E8626CFB2297F5 /* Models */ = {
			isa = PBXGroup;
			children = (
				CD234EF56789ABCD01234567 /* AppSettings.swift */,
				FDF85EA8990A038079FC0CC3 /* EQF.swift */,
				2D4BAA0F198BED23AAFABFEC /* ImageSlicing.swift */,
				1883C37C0887C2C13F6C9563 /* PLEditParser.swift */,
				93E9913A6D48005436618474 /* Skin.swift */,
				E51E7515EE6862B4F445AC81 /* SkinSprites.swift */,
				43358BDD8D9B537C9109DF62 /* SnapUtils.swift */,
				7324174AA2F7231F3B2508AE /* SpritePositions.swift */,
				A6D5886DD239C58D98785419 /* VisColorParser.swift */,
				195F00AABD5483A18861EC8A /* WindowSpec.swift */,
			);
			path = Models;
			sourceTree = "<group>";
		};
		D4D715C613A4E03DDE1E814A /* Views */ = {
			isa = PBXGroup;
			children = (
				9D670AF21099D18D7C29C12D /* BalanceSliderView.swift */,
				545ACEB67244E17A46293AF3 /* DockingContainerView.swift */,
				032A0DEAD316CCA0CDA2645D /* EqGraphView.swift */,
				77BEA1F1121A4B4633AD1083 /* EQSliderView.swift */,
				8897A6072B979DC743DC44E3 /* EqualizerWindowView.swift */,
				DC46D7551B28A7B9FF034839 /* MainWindowView.swift */,
				C763742AA7B5615883A0BB97 /* PlaylistWindowView.swift */,
				DE345F678901BCDE12345678 /* PreferencesView.swift */,
				3D258350F99A800B8CBF8AEA /* PresetsButton.swift */,
				61CCD7FBB76B81039F2887D7 /* SimpleTestMainWindow.swift */,
				12C0A7D97E8D3B2E715D4EA0 /* SkinnedBanner.swift */,
				3DCDB09162242F5E73FF35F6 /* SkinnedText.swift */,
				590BF37A22DF8EAB2B27DE50 /* UnifiedDockView.swift */,
				B361EDCFD1F533FD16157EC1 /* VisualizerOptions.swift */,
				499433D5A14F2C47C9EB0931 /* VisualizerView.swift */,
				AB12B8B4E500692FEC97C025 /* VolumeSliderView.swift */,
				4A489CA15E452302405E6FAE /* WinampEqualizerWindow.swift */,
				0C3495B177A8BA24181B484E /* WinampMainWindow.swift */,
				75C52A558EFD4C84BBA21F92 /* WinampPlaylistWindow.swift */,
				0542534C840178895387FEE4 /* Components */,
			);
			path = Views;
			sourceTree = "<group>";
		};
		EB257FE97ABCB16CE95A16E0 /* Utilities */ = {
			isa = PBXGroup;
			children = (
				F8A2F2CBA9954B0B144DA072 /* WindowAccessor.swift */,
				7FF88FFEFCC2A65D88029ADB /* WindowSnapManager.swift */,
			);
			path = Utilities;
			sourceTree = "<group>";
		};
		F3B9E0E999F4022FE2955A62 /* MacAmpApp */ = {
			isa = PBXGroup;
			children = (
				A7CCE1500578ECAEED8FAA42 /* AppCommands.swift */,
				E5AF78956321BB7B21810429 /* Info.plist */,
				C32D1ED0603B1A1497664E37 /* MacAmpApp.swift */,
				D5C4GF8F990H31I0H2G04370 /* SkinsCommands.swift */,
				9A7B4D25533F4BB078F35DC3 /* Skins */,
				9ACBD0A5767E26C387F3D2E0 /* Audio */,
				BD7D477F80E8626CFB2297F5 /* Models */,
				EB257FE97ABCB16CE95A16E0 /* Utilities */,
				F6196D172C274E5FC222D125 /* ViewModels */,
				D4D715C613A4E03DDE1E814A /* Views */,
			);
			path = MacAmpApp;
			sourceTree = "<group>";
		};
		F6196D172C274E5FC222D125 /* ViewModels */ = {
			isa = PBXGroup;
			children = (
				74EDF33D12E79F86166AF268 /* DockingController.swift */,
				97F3E1419E231E886A674A64 /* SkinManager.swift */,
			);
			path = ViewModels;
			sourceTree = "<group>";
		};
/* End PBXGroup section */

/* Begin PBXNativeTarget section */
		DD89FFD3419B7EF1BC0409DB /* MacAmpApp */ = {
			isa = PBXNativeTarget;
			buildConfigurationList = 0454F19FCE0902CEF81620EB /* Build configuration list for PBXNativeTarget "MacAmpApp" */;
			buildPhases = (
				2697386ECDD0CA030FD7D5C8 /* Sources */,
				99343DBA52E4D9CABDAC849D /* Resources */,
				744B8AD2A52687019623EAA9 /* Frameworks */,
			);
			buildRules = (
			);
			dependencies = (
			);
			name = MacAmpApp;
			packageProductDependencies = (
				EA5D7D010AE0DE961C9470AC /* ZIPFoundation */,
			);
			productName = MacAmpApp;
			productReference = B36F1C1954EE4A8EBB993CB6 /* MacAmpApp.app */;
			productType = "com.apple.product-type.application";
		};
/* End PBXNativeTarget section */

/* Begin PBXProject section */
		0D2F82A937F54CAEA17497D5 /* Project object */ = {
			isa = PBXProject;
			attributes = {
				BuildIndependentTargetsInParallel = YES;
				LastUpgradeCheck = 1430;
			};
			buildConfigurationList = EB7C8A4570394B65D3B2086E /* Build configuration list for PBXProject "MacAmpApp" */;
			compatibilityVersion = "Xcode 14.0";
			developmentRegion = en;
			hasScannedForEncodings = 0;
			knownRegions = (
				Base,
				en,
			);
			mainGroup = 8CD286E67D5D5C57428DEE54;
			minimizedProjectReferenceProxies = 1;
			packageReferences = (
				9EF3ECBC1C8655B31067BAAB /* XCRemoteSwiftPackageReference "ZIPFoundation" */,
			);
			preferredProjectObjectVersion = 77;
			projectDirPath = "";
			projectRoot = "";
			targets = (
				DD89FFD3419B7EF1BC0409DB /* MacAmpApp */,
			);
		};
/* End PBXProject section */

/* Begin PBXResourcesBuildPhase section */
		99343DBA52E4D9CABDAC849D /* Resources */ = {
			isa = PBXResourcesBuildPhase;
			buildActionMask = 2147483647;
			files = (
				BB499C96994EF9FC3DE4DDB4 /* Internet-Archive.wsz in Resources */,
				AA399B95993DF8EB2CD3CCA3 /* Winamp.wsz in Resources */,
			);
			runOnlyForDeploymentPostprocessing = 0;
		};
/* End PBXResourcesBuildPhase section */

/* Begin PBXSourcesBuildPhase section */
		2697386ECDD0CA030FD7D5C8 /* Sources */ = {
			isa = PBXSourcesBuildPhase;
			buildActionMask = 2147483647;
			files = (
				AB123DEF4E567890ABCDEF12 /* AppSettings.swift in Sources */,
				B3A2FD6D778A60B9F0D92258 /* AppCommands.swift in Sources */,
				2A33850C38AA921D5659ECA7 /* AudioPlayer.swift in Sources */,
				A08CECA8546ACA2C49A815D0 /* BalanceSliderView.swift in Sources */,
				8D904211B7B13AF3D346AAC4 /* DockingContainerView.swift in Sources */,
				EE878CCB3C1E4F7801C5430E /* DockingController.swift in Sources */,
				397CD3DA0D75924BD0B90FBE /* EQF.swift in Sources */,
				AAF5D9A50EE387DBADF446D2 /* EQSliderView.swift in Sources */,
				4F952CA93D32BF2FB737DFBA /* EqGraphView.swift in Sources */,
				A3E0DBA5AC381AB3F23130A1 /* EqualizerWindowView.swift in Sources */,
				4007DF219A7FEAB6FFC1AE73 /* ImageSlicing.swift in Sources */,
				B9F51DB9B3BAF8611108D699 /* MacAmpApp.swift in Sources */,
				FEF2451745AD29CA232322BF /* MainWindowView.swift in Sources */,
				41559151451B3CDCDAF46147 /* PLEditParser.swift in Sources */,
				8F699CB7102EA261F8CF777B /* PlaylistWindowView.swift in Sources */,
				BC234EF567890ABCD1234567 /* PreferencesView.swift in Sources */,
				CEB39A994DFFE2DCA8FDE7EF /* PresetsButton.swift in Sources */,
				8375D760955EEB75F8311F11 /* SimpleSpriteImage.swift in Sources */,
				D1C8711941E449B2B86568DF /* SimpleTestMainWindow.swift in Sources */,
				93E376C1200386F617D37563 /* Skin.swift in Sources */,
				09ABEB45DA77F1178E0F5317 /* SkinManager.swift in Sources */,
				C4B3FE7E889G20H9G1F93269 /* SkinsCommands.swift in Sources */,
				C71871258DD93C12C88EBED2 /* SkinSprites.swift in Sources */,
				9C74995B7081637EB964D3AA /* SkinnedBanner.swift in Sources */,
				00818CBB70425D395EE2B862 /* SkinnedText.swift in Sources */,
				77129ADBBBC75DF6BA1EC1C8 /* SnapUtils.swift in Sources */,
				5E12F332C6929193D1EBFB8D /* SpritePositions.swift in Sources */,
				9C8F5A2DD13F19EDAABA8130 /* UnifiedDockView.swift in Sources */,
				93EBD6FADA9285C58A329F5C /* VisColorParser.swift in Sources */,
				11C6F38CB7C5AADA7B5AFE57 /* VisualizerOptions.swift in Sources */,
				D077337C4C05A6658475376F /* VisualizerView.swift in Sources */,
				A2EC01D7DB6A48D968B6F339 /* VolumeSliderView.swift in Sources */,
				3D5787FD4B060D13BE690E2A /* WinampEqualizerWindow.swift in Sources */,
				34EEE95E7D965A0D94D12C30 /* WinampMainWindow.swift in Sources */,
				ADDBF8E53028E97A7A005307 /* WinampPlaylistWindow.swift in Sources */,
				592F5C98FC8B29F71341CBD8 /* WinampVolumeSlider.swift in Sources */,
				878F770AF1608311F0C9BA09 /* WindowAccessor.swift in Sources */,
				7C97F7855F700CA55821BFD1 /* WindowSnapManager.swift in Sources */,
				47C40C273D4B4CD3804B3224 /* WindowSpec.swift in Sources */,
			);
			runOnlyForDeploymentPostprocessing = 0;
		};
/* End PBXSourcesBuildPhase section */

/* Begin XCBuildConfiguration section */
		1C70FC63A02D0BF514D3DA6C /* Release */ = {
			isa = XCBuildConfiguration;
			buildSettings = {
				ASSETCATALOG_COMPILER_APPICON_NAME = AppIcon;
				COMBINE_HIDPI_IMAGES = YES;
				CONFIGURATION_BUILD_DIR = "$(PROJECT_DIR)/dist";
				INFOPLIST_FILE = MacAmpApp/Info.plist;
				LD_RUNPATH_SEARCH_PATHS = (
					"$(inherited)",
					"@executable_path/../Frameworks",
				);
				MACOSX_DEPLOYMENT_TARGET = 15.0;
				PRODUCT_BUNDLE_IDENTIFIER = com.example.MacAmpApp;
				SDKROOT = macosx;
			};
			name = Release;
		};
		6031C91DDEE993308F8322F6 /* Debug */ = {
			isa = XCBuildConfiguration;
			buildSettings = {
				ALWAYS_SEARCH_USER_PATHS = NO;
				CLANG_ANALYZER_NONNULL = YES;
				CLANG_ANALYZER_NUMBER_OBJECT_CONVERSION = YES_AGGRESSIVE;
				CLANG_CXX_LANGUAGE_STANDARD = "gnu++14";
				CLANG_CXX_LIBRARY = "libc++";
				CLANG_ENABLE_MODULES = YES;
				CLANG_ENABLE_OBJC_ARC = YES;
				CLANG_ENABLE_OBJC_WEAK = YES;
				CLANG_WARN_BLOCK_CAPTURE_AUTORELEASING = YES;
				CLANG_WARN_BOOL_CONVERSION = YES;
				CLANG_WARN_COMMA = YES;
				CLANG_WARN_CONSTANT_CONVERSION = YES;
				CLANG_WARN_DEPRECATED_OBJC_IMPLEMENTATIONS = YES;
				CLANG_WARN_DIRECT_OBJC_ISA_USAGE = YES_ERROR;
				CLANG_WARN_DOCUMENTATION_COMMENTS = YES;
				CLANG_WARN_EMPTY_BODY = YES;
				CLANG_WARN_ENUM_CONVERSION = YES;
				CLANG_WARN_INFINITE_RECURSION = YES;
				CLANG_WARN_INT_CONVERSION = YES;
				CLANG_WARN_NON_LITERAL_NULL_CONVERSION = YES;
				CLANG_WARN_OBJC_IMPLICIT_RETAIN_SELF = YES;
				CLANG_WARN_OBJC_LITERAL_CONVERSION = YES;
				CLANG_WARN_OBJC_ROOT_CLASS = YES_ERROR;
				CLANG_WARN_QUOTED_INCLUDE_IN_FRAMEWORK_HEADER = YES;
				CLANG_WARN_RANGE_LOOP_ANALYSIS = YES;
				CLANG_WARN_STRICT_PROTOTYPES = YES;
				CLANG_WARN_SUSPICIOUS_MOVE = YES;
				CLANG_WARN_UNGUARDED_AVAILABILITY = YES_AGGRESSIVE;
				CLANG_WARN_UNREACHABLE_CODE = YES;
				CLANG_WARN__DUPLICATE_METHOD_MATCH = YES;
				COPY_PHASE_STRIP = NO;
				DEBUG_INFORMATION_FORMAT = dwarf;
				ENABLE_STRICT_OBJC_MSGSEND = YES;
				ENABLE_TESTABILITY = YES;
				GCC_C_LANGUAGE_STANDARD = gnu11;
				GCC_DYNAMIC_NO_PIC = NO;
				GCC_NO_COMMON_BLOCKS = YES;
				GCC_OPTIMIZATION_LEVEL = 0;
				GCC_PREPROCESSOR_DEFINITIONS = (
					"$(inherited)",
					"DEBUG=1",
				);
				GCC_WARN_64_TO_32_BIT_CONVERSION = YES;
				GCC_WARN_ABOUT_RETURN_TYPE = YES_ERROR;
				GCC_WARN_UNDECLARED_SELECTOR = YES;
				GCC_WARN_UNINITIALIZED_AUTOS = YES_AGGRESSIVE;
				GCC_WARN_UNUSED_FUNCTION = YES;
				GCC_WARN_UNUSED_VARIABLE = YES;
				MACOSX_DEPLOYMENT_TARGET = 15.0;
				MTL_ENABLE_DEBUG_INFO = INCLUDE_SOURCE;
				MTL_FAST_MATH = YES;
				ONLY_ACTIVE_ARCH = YES;
				PRODUCT_NAME = "$(TARGET_NAME)";
				SDKROOT = macosx;
				SWIFT_ACTIVE_COMPILATION_CONDITIONS = DEBUG;
				SWIFT_OPTIMIZATION_LEVEL = "-Onone";
				SWIFT_VERSION = 5.0;
			};
			name = Debug;
		};
		CBBFF8C29EF66635345B101C /* Release */ = {
			isa = XCBuildConfiguration;
			buildSettings = {
				ALWAYS_SEARCH_USER_PATHS = NO;
				CLANG_ANALYZER_NONNULL = YES;
				CLANG_ANALYZER_NUMBER_OBJECT_CONVERSION = YES_AGGRESSIVE;
				CLANG_CXX_LANGUAGE_STANDARD = "gnu++14";
				CLANG_CXX_LIBRARY = "libc++";
				CLANG_ENABLE_MODULES = YES;
				CLANG_ENABLE_OBJC_ARC = YES;
				CLANG_ENABLE_OBJC_WEAK = YES;
				CLANG_WARN_BLOCK_CAPTURE_AUTORELEASING = YES;
				CLANG_WARN_BOOL_CONVERSION = YES;
				CLANG_WARN_COMMA = YES;
				CLANG_WARN_CONSTANT_CONVERSION = YES;
				CLANG_WARN_DEPRECATED_OBJC_IMPLEMENTATIONS = YES;
				CLANG_WARN_DIRECT_OBJC_ISA_USAGE = YES_ERROR;
				CLANG_WARN_DOCUMENTATION_COMMENTS = YES;
				CLANG_WARN_EMPTY_BODY = YES;
				CLANG_WARN_ENUM_CONVERSION = YES;
				CLANG_WARN_INFINITE_RECURSION = YES;
				CLANG_WARN_INT_CONVERSION = YES;
				CLANG_WARN_NON_LITERAL_NULL_CONVERSION = YES;
				CLANG_WARN_OBJC_IMPLICIT_RETAIN_SELF = YES;
				CLANG_WARN_OBJC_LITERAL_CONVERSION = YES;
				CLANG_WARN_OBJC_ROOT_CLASS = YES_ERROR;
				CLANG_WARN_QUOTED_INCLUDE_IN_FRAMEWORK_HEADER = YES;
				CLANG_WARN_RANGE_LOOP_ANALYSIS = YES;
				CLANG_WARN_STRICT_PROTOTYPES = YES;
				CLANG_WARN_SUSPICIOUS_MOVE = YES;
				CLANG_WARN_UNGUARDED_AVAILABILITY = YES_AGGRESSIVE;
				CLANG_WARN_UNREACHABLE_CODE = YES;
				CLANG_WARN__DUPLICATE_METHOD_MATCH = YES;
				COPY_PHASE_STRIP = NO;
				DEBUG_INFORMATION_FORMAT = "dwarf-with-dsym";
				ENABLE_NS_ASSERTIONS = NO;
				ENABLE_STRICT_OBJC_MSGSEND = YES;
				GCC_C_LANGUAGE_STANDARD = gnu11;
				GCC_NO_COMMON_BLOCKS = YES;
				GCC_WARN_64_TO_32_BIT_CONVERSION = YES;
				GCC_WARN_ABOUT_RETURN_TYPE = YES_ERROR;
				GCC_WARN_UNDECLARED_SELECTOR = YES;
				GCC_WARN_UNINITIALIZED_AUTOS = YES_AGGRESSIVE;
				GCC_WARN_UNUSED_FUNCTION = YES;
				GCC_WARN_UNUSED_VARIABLE = YES;
				MACOSX_DEPLOYMENT_TARGET = 15.0;
				MTL_ENABLE_DEBUG_INFO = NO;
				MTL_FAST_MATH = YES;
				PRODUCT_NAME = "$(TARGET_NAME)";
				SDKROOT = macosx;
				SWIFT_COMPILATION_MODE = wholemodule;
				SWIFT_OPTIMIZATION_LEVEL = "-O";
				SWIFT_VERSION = 5.0;
			};
			name = Release;
		};
		E3A9880885E22FC6CC01125E /* Debug */ = {
			isa = XCBuildConfiguration;
			buildSettings = {
				ASSETCATALOG_COMPILER_APPICON_NAME = AppIcon;
				COMBINE_HIDPI_IMAGES = YES;
				INFOPLIST_FILE = MacAmpApp/Info.plist;
				LD_RUNPATH_SEARCH_PATHS = (
					"$(inherited)",
					"@executable_path/../Frameworks",
				);
				MACOSX_DEPLOYMENT_TARGET = 15.0;
				PRODUCT_BUNDLE_IDENTIFIER = com.example.MacAmpApp;
				SDKROOT = macosx;
			};
			name = Debug;
		};
/* End XCBuildConfiguration section */

/* Begin XCConfigurationList section */
		0454F19FCE0902CEF81620EB /* Build configuration list for PBXNativeTarget "MacAmpApp" */ = {
			isa = XCConfigurationList;
			buildConfigurations = (
				E3A9880885E22FC6CC01125E /* Debug */,
				1C70FC63A02D0BF514D3DA6C /* Release */,
			);
			defaultConfigurationIsVisible = 0;
			defaultConfigurationName = Debug;
		};
		EB7C8A4570394B65D3B2086E /* Build configuration list for PBXProject "MacAmpApp" */ = {
			isa = XCConfigurationList;
			buildConfigurations = (
				6031C91DDEE993308F8322F6 /* Debug */,
				CBBFF8C29EF66635345B101C /* Release */,
			);
			defaultConfigurationIsVisible = 0;
			defaultConfigurationName = Debug;
		};
/* End XCConfigurationList section */

/* Begin XCRemoteSwiftPackageReference section */
		9EF3ECBC1C8655B31067BAAB /* XCRemoteSwiftPackageReference "ZIPFoundation" */ = {
			isa = XCRemoteSwiftPackageReference;
			repositoryURL = "https://github.com/weichsel/ZIPFoundation.git";
			requirement = {
				kind = upToNextMajorVersion;
				minimumVersion = 0.9.0;
			};
		};
/* End XCRemoteSwiftPackageReference section */

/* Begin XCSwiftPackageProductDependency section */
		EA5D7D010AE0DE961C9470AC /* ZIPFoundation */ = {
			isa = XCSwiftPackageProductDependency;
			package = 9EF3ECBC1C8655B31067BAAB /* XCRemoteSwiftPackageReference "ZIPFoundation" */;
			productName = ZIPFoundation;
		};
/* End XCSwiftPackageProductDependency section */
	};
	rootObject = 0D2F82A937F54CAEA17497D5 /* Project object */;
}
