{
  "name": "relock-npm-lock-v2-XHvnfS",
  "lockfileVersion": 3,
  "requires": true,
  "packages": {
    "": {
      "dependencies": {
        "@ast-grep/cli": "^0.40.5"
      }
    },
    "node_modules/@ast-grep/cli": {
      "version": "0.40.5",
      "resolved": "https://registry.npmjs.org/@ast-grep/cli/-/cli-0.40.5.tgz",
      "integrity": "sha512-yVXL7Gz0WIHerQLf+MVaVSkhIhidtWReG5akNVr/JS9OVCVkSdz7gWm7H8jVv2M9OO1tauuG76K3UaRGBPu5lQ==",
      "hasInstallScript": true,
      "dependencies": {
        "detect-libc": "2.1.2"
      },
      "bin": {
        "ast-grep": "ast-grep",
        "sg": "sg"
      },
      "engines": {
        "node": ">= 12.0.0"
      },
      "optionalDependencies": {
        "@ast-grep/cli-darwin-arm64": "0.40.5",
        "@ast-grep/cli-darwin-x64": "0.40.5",
        "@ast-grep/cli-linux-arm64-gnu": "0.40.5",
        "@ast-grep/cli-linux-x64-gnu": "0.40.5",
        "@ast-grep/cli-win32-arm64-msvc": "0.40.5",
        "@ast-grep/cli-win32-ia32-msvc": "0.40.5",
        "@ast-grep/cli-win32-x64-msvc": "0.40.5"
      }
    },
    "node_modules/@ast-grep/cli-darwin-arm64": {
      "version": "0.40.5",
      "resolved": "https://registry.npmjs.org/@ast-grep/cli-darwin-arm64/-/cli-darwin-arm64-0.40.5.tgz",
      "integrity": "sha512-T9CzwJ1GqQhnANdsu6c7iT1akpvTVMK+AZrxnhIPv33Ze5hrXUUkqan+j4wUAukRJDqU7u94EhXLSLD+5tcJ8g==",
      "cpu": [
        "arm64"
      ],
      "license": "MIT",
      "optional": true,
      "os": [
        "darwin"
      ],
      "engines": {
        "node": ">= 10"
      }
    },
    "node_modules/@ast-grep/cli-darwin-x64": {
      "version": "0.40.5",
      "resolved": "https://registry.npmjs.org/@ast-grep/cli-darwin-x64/-/cli-darwin-x64-0.40.5.tgz",
      "integrity": "sha512-ez9b2zKvXU8f4ghhjlqYvbx6tWCKJTuVlNVqDDfjqwwhGeiTYfnzMlSVat4ElYRMd21gLtXZIMy055v2f21Ztg==",
      "cpu": [
        "x64"
      ],
      "license": "MIT",
      "optional": true,
      "os": [
        "darwin"
      ],
      "engines": {
        "node": ">= 10"
      }
    },
    "node_modules/@ast-grep/cli-linux-arm64-gnu": {
      "version": "0.40.5",
      "resolved": "https://registry.npmjs.org/@ast-grep/cli-linux-arm64-gnu/-/cli-linux-arm64-gnu-0.40.5.tgz",
      "integrity": "sha512-VXa2L1IEYD66AMb0GuG7VlMMbPmEGoJUySWDcwSZo/D9neiry3MJ41LQR5oTG2HyhIPBsf9umrXnmuRq66BviA==",
      "cpu": [
        "arm64"
      ],
      "license": "MIT",
      "optional": true,
      "os": [
        "linux"
      ],
      "engines": {
        "node": ">= 10"
      }
    },
    "node_modules/@ast-grep/cli-linux-x64-gnu": {
      "version": "0.40.5",
      "resolved": "https://registry.npmjs.org/@ast-grep/cli-linux-x64-gnu/-/cli-linux-x64-gnu-0.40.5.tgz",
      "integrity": "sha512-GQC5162eIOWXR2eQQ6Knzg7/8Trp5E1ODJkaErf0IubdQrZBGqj5AAcQPcWgPbbnmktjIp0H4NraPpOJ9eJ22A==",
      "cpu": [
        "x64"
      ],
      "license": "MIT",
      "optional": true,
      "os": [
        "linux"
      ],
      "engines": {
        "node": ">= 10"
      }
    },
    "node_modules/@ast-grep/cli-win32-arm64-msvc": {
      "version": "0.40.5",
      "resolved": "https://registry.npmjs.org/@ast-grep/cli-win32-arm64-msvc/-/cli-win32-arm64-msvc-0.40.5.tgz",
      "integrity": "sha512-YiZdnQZsSlXQTMsZJop/Ux9MmUGfuRvC2x/UbFgrt5OBSYxND+yoiMc0WcA3WG+wU+tt4ZkB5HUea3r/IkOLYA==",
      "cpu": [
        "arm64"
      ],
      "license": "MIT",
      "optional": true,
      "os": [
        "win32"
      ],
      "engines": {
        "node": ">= 10"
      }
    },
    "node_modules/@ast-grep/cli-win32-ia32-msvc": {
      "version": "0.40.5",
      "resolved": "https://registry.npmjs.org/@ast-grep/cli-win32-ia32-msvc/-/cli-win32-ia32-msvc-0.40.5.tgz",
      "integrity": "sha512-MHkCxCITVTr8sY9CcVqNKbfUzMa3Hc6IilGXad0Clnw2vNmPfWqSky+hU/UTerr5YHWwWfAVURH7ANZgirtx0Q==",
      "cpu": [
        "ia32"
      ],
      "license": "MIT",
      "optional": true,
      "os": [
        "win32"
      ],
      "engines": {
        "node": ">= 10"
      }
    },
    "node_modules/@ast-grep/cli-win32-x64-msvc": {
      "version": "0.40.5",
      "resolved": "https://registry.npmjs.org/@ast-grep/cli-win32-x64-msvc/-/cli-win32-x64-msvc-0.40.5.tgz",
      "integrity": "sha512-/MJ5un7yxlClaaxou9eYl+Kr2xr/yTtYtTq5aLBWjPWA6dmmJ1nAJgx5zKHVuplFXFBrFDQk3paEgAETMTGcrA==",
      "cpu": [
        "x64"
      ],
      "license": "MIT",
      "optional": true,
      "os": [
        "win32"
      ],
      "engines": {
        "node": ">= 10"
      }
    },
    "node_modules/detect-libc": {
      "version": "2.1.2",
      "resolved": "https://registry.npmjs.org/detect-libc/-/detect-libc-2.1.2.tgz",
      "integrity": "sha512-Btj2BOOO83o3WyH59e8MgXsxEQVcarkUOpEYrubB0urwnN10yQ364rsiByU11nZlqWYZm05i/of7io4mzihBtQ==",
      "license": "Apache-2.0",
      "engines": {
        "node": ">=8"
      }
    }
  }
}
